
Microsoft Visual Studio Solution File, Format Version 12.00
# Visual Studio 15
VisualStudioVersion = 15.0.27703.2047
MinimumVisualStudioVersion = 10.0.40219.1
Project("{8BC9CEB8-8B4A-11D0-8D11-00A0C91BC942}") = "01OutputAnImage", "01OutputAnImage\01OutputAnImage.vcxproj", "{A6D6BB36-6807-4831-B18E-59BEA9D30A46}"
EndProject
Project("{8BC9CEB8-8B4A-11D0-8D11-00A0C91BC942}") = "02TheVec3Class", "02TheVec3Class\02TheVec3Class.vcxproj", "{0DA4AA0F-0A7A-4AB0-990A-2ED9CFE4D23C}"
EndProject
Project("{8BC9CEB8-8B4A-11D0-8D11-00A0C91BC942}") = "03Rays", "03Rays\03Rays.vcxproj", "{9AF7B3D4-83E7-40CC-9C35-9950665EAB61}"
EndProject
Project("{8BC9CEB8-8B4A-11D0-8D11-00A0C91BC942}") = "04Sphere", "04Sphere\04Sphere.vcxproj", "{6A10BAE3-13D5-47C9-9B6E-9C8C44D412CE}"
EndProject
Project("{8BC9CEB8-8B4A-11D0-8D11-00A0C91BC942}") = "05MultipleObjects", "05MultipleObjects\05MultipleObjects.vcxproj", "{AF61A944-27AE-4BB5-83A4-CD596C28E325}"
EndProject
Project("{8BC9CEB8-8B4A-11D0-8D11-00A0C91BC942}") = "06Antialiasing", "06Antialiasing\06Antialiasing.vcxproj", "{719493D9-780A-496A-ABE5-85BBB5DCF385}"
EndProject
Project("{8BC9CEB8-8B4A-11D0-8D11-00A0C91BC942}") = "07DiffuseMaterials", "07DiffuseMaterials\07DiffuseMaterials.vcxproj", "{7121BD69-6623-4675-85D2-9FAE0A7BE324}"
EndProject
Global
	GlobalSection(SolutionConfigurationPlatforms) = preSolution
		Debug|x64 = Debug|x64
		Debug|x86 = Debug|x86
		Release|x64 = Release|x64
		Release|x86 = Release|x86
	EndGlobalSection
	GlobalSection(ProjectConfigurationPlatforms) = postSolution
		{A6D6BB36-6807-4831-B18E-59BEA9D30A46}.Debug|x64.ActiveCfg = Debug|x64
		{A6D6BB36-6807-4831-B18E-59BEA9D30A46}.Debug|x64.Build.0 = Debug|x64
		{A6D6BB36-6807-4831-B18E-59BEA9D30A46}.Debug|x86.ActiveCfg = Debug|Win32
		{A6D6BB36-6807-4831-B18E-59BEA9D30A46}.Debug|x86.Build.0 = Debug|Win32
		{A6D6BB36-6807-4831-B18E-59BEA9D30A46}.Release|x64.ActiveCfg = Release|x64
		{A6D6BB36-6807-4831-B18E-59BEA9D30A46}.Release|x64.Build.0 = Release|x64
		{A6D6BB36-6807-4831-B18E-59BEA9D30A46}.Release|x86.ActiveCfg = Release|Win32
		{A6D6BB36-6807-4831-B18E-59BEA9D30A46}.Release|x86.Build.0 = Release|Win32
		{0DA4AA0F-0A7A-4AB0-990A-2ED9CFE4D23C}.Debug|x64.ActiveCfg = Debug|x64
		{0DA4AA0F-0A7A-4AB0-990A-2ED9CFE4D23C}.Debug|x64.Build.0 = Debug|x64
		{0DA4AA0F-0A7A-4AB0-990A-2ED9CFE4D23C}.Debug|x86.ActiveCfg = Debug|Win32
		{0DA4AA0F-0A7A-4AB0-990A-2ED9CFE4D23C}.Debug|x86.Build.0 = Debug|Win32
		{0DA4AA0F-0A7A-4AB0-990A-2ED9CFE4D23C}.Release|x64.ActiveCfg = Release|x64
		{0DA4AA0F-0A7A-4AB0-990A-2ED9CFE4D23C}.Release|x64.Build.0 = Release|x64
		{0DA4AA0F-0A7A-4AB0-990A-2ED9CFE4D23C}.Release|x86.ActiveCfg = Release|Win32
		{0DA4AA0F-0A7A-4AB0-990A-2ED9CFE4D23C}.Release|x86.Build.0 = Release|Win32
		{9AF7B3D4-83E7-40CC-9C35-9950665EAB61}.Debug|x64.ActiveCfg = Debug|x64
		{9AF7B3D4-83E7-40CC-9C35-9950665EAB61}.Debug|x64.Build.0 = Debug|x64
		{9AF7B3D4-83E7-40CC-9C35-9950665EAB61}.Debug|x86.ActiveCfg = Debug|Win32
		{9AF7B3D4-83E7-40CC-9C35-9950665EAB61}.Debug|x86.Build.0 = Debug|Win32
		{9AF7B3D4-83E7-40CC-9C35-9950665EAB61}.Release|x64.ActiveCfg = Release|x64
		{9AF7B3D4-83E7-40CC-9C35-9950665EAB61}.Release|x64.Build.0 = Release|x64
		{9AF7B3D4-83E7-40CC-9C35-9950665EAB61}.Release|x86.ActiveCfg = Release|Win32
		{9AF7B3D4-83E7-40CC-9C35-9950665EAB61}.Release|x86.Build.0 = Release|Win32
		{6A10BAE3-13D5-47C9-9B6E-9C8C44D412CE}.Debug|x64.ActiveCfg = Debug|x64
		{6A10BAE3-13D5-47C9-9B6E-9C8C44D412CE}.Debug|x64.Build.0 = Debug|x64
		{6A10BAE3-13D5-47C9-9B6E-9C8C44D412CE}.Debug|x86.ActiveCfg = Debug|Win32
		{6A10BAE3-13D5-47C9-9B6E-9C8C44D412CE}.Debug|x86.Build.0 = Debug|Win32
		{6A10BAE3-13D5-47C9-9B6E-9C8C44D412CE}.Release|x64.ActiveCfg = Release|x64
		{6A10BAE3-13D5-47C9-9B6E-9C8C44D412CE}.Release|x64.Build.0 = Release|x64
		{6A10BAE3-13D5-47C9-9B6E-9C8C44D412CE}.Release|x86.ActiveCfg = Release|Win32
		{6A10BAE3-13D5-47C9-9B6E-9C8C44D412CE}.Release|x86.Build.0 = Release|Win32
		{AF61A944-27AE-4BB5-83A4-CD596C28E325}.Debug|x64.ActiveCfg = Debug|x64
		{AF61A944-27AE-4BB5-83A4-CD596C28E325}.Debug|x64.Build.0 = Debug|x64
		{AF61A944-27AE-4BB5-83A4-CD596C28E325}.Debug|x86.ActiveCfg = Debug|Win32
		{AF61A944-27AE-4BB5-83A4-CD596C28E325}.Debug|x86.Build.0 = Debug|Win32
		{AF61A944-27AE-4BB5-83A4-CD596C28E325}.Release|x64.ActiveCfg = Release|x64
		{AF61A944-27AE-4BB5-83A4-CD596C28E325}.Release|x64.Build.0 = Release|x64
		{AF61A944-27AE-4BB5-83A4-CD596C28E325}.Release|x86.ActiveCfg = Release|Win32
		{AF61A944-27AE-4BB5-83A4-CD596C28E325}.Release|x86.Build.0 = Release|Win32
		{719493D9-780A-496A-ABE5-85BBB5DCF385}.Debug|x64.ActiveCfg = Debug|x64
		{719493D9-780A-496A-ABE5-85BBB5DCF385}.Debug|x64.Build.0 = Debug|x64
		{719493D9-780A-496A-ABE5-85BBB5DCF385}.Debug|x86.ActiveCfg = Debug|Win32
		{719493D9-780A-496A-ABE5-85BBB5DCF385}.Debug|x86.Build.0 = Debug|Win32
		{719493D9-780A-496A-ABE5-85BBB5DCF385}.Release|x64.ActiveCfg = Release|x64
		{719493D9-780A-496A-ABE5-85BBB5DCF385}.Release|x64.Build.0 = Release|x64
		{719493D9-780A-496A-ABE5-85BBB5DCF385}.Release|x86.ActiveCfg = Release|Win32
		{719493D9-780A-496A-ABE5-85BBB5DCF385}.Release|x86.Build.0 = Release|Win32
		{7121BD69-6623-4675-85D2-9FAE0A7BE324}.Debug|x64.ActiveCfg = Debug|x64
		{7121BD69-6623-4675-85D2-9FAE0A7BE324}.Debug|x64.Build.0 = Debug|x64
		{7121BD69-6623-4675-85D2-9FAE0A7BE324}.Debug|x86.ActiveCfg = Debug|Win32
		{7121BD69-6623-4675-85D2-9FAE0A7BE324}.Debug|x86.Build.0 = Debug|Win32
		{7121BD69-6623-4675-85D2-9FAE0A7BE324}.Release|x64.ActiveCfg = Release|x64
		{7121BD69-6623-4675-85D2-9FAE0A7BE324}.Release|x64.Build.0 = Release|x64
		{7121BD69-6623-4675-85D2-9FAE0A7BE324}.Release|x86.ActiveCfg = Release|Win32
		{7121BD69-6623-4675-85D2-9FAE0A7BE324}.Release|x86.Build.0 = Release|Win32
	EndGlobalSection
	GlobalSection(SolutionProperties) = preSolution
		HideSolutionNode = FALSE
	EndGlobalSection
	GlobalSection(ExtensibilityGlobals) = postSolution
		SolutionGuid = {840889CE-15D8-45EA-937A-40EF7CCB1479}
	EndGlobalSection
EndGlobal
