
Microsoft Visual Studio Solution File, Format Version 12.00
# Visual Studio Version 16
VisualStudioVersion = 16.0.32510.428
MinimumVisualStudioVersion = 10.0.40219.1
Project("{8BC9CEB8-8B4A-11D0-8D11-00A0C91BC942}") = "1.1.1.hello_window", "1.1.1.hello_window\1.1.1.hello_window.vcxproj", "{77FFE5B5-AEB5-4C51-8646-ADC1ADA3862B}"
EndProject
Project("{8BC9CEB8-8B4A-11D0-8D11-00A0C91BC942}") = "1.1.2.hello_window_clear", "1.1.2.hello_window_clear\1.1.2.hello_window_clear.vcxproj", "{340BBE3D-DC08-4432-AA15-CCCC5CBC994E}"
EndProject
Project("{8BC9CEB8-8B4A-11D0-8D11-00A0C91BC942}") = "1.2.1.hello_triangle", "1.2.1.hello_triangle\1.2.1.hello_triangle.vcxproj", "{E70E84BE-483A-483A-A2B0-915FDF0D2C60}"
EndProject
Project("{8BC9CEB8-8B4A-11D0-8D11-00A0C91BC942}") = "1.2.2.hello_triangle_indexed", "1.2.2.hello_triangle_indexed\1.2.2.hello_triangle_indexed.vcxproj", "{C49CD6FB-500D-437E-9A5E-DF1D415F2452}"
EndProject
Project("{8BC9CEB8-8B4A-11D0-8D11-00A0C91BC942}") = "1.2.3.hello_triangle_exercise1", "1.2.3.hello_triangle_exercise1\1.2.3.hello_triangle_exercise1.vcxproj", "{4A6A1CCE-A5C0-47F4-B735-C2ECE88620F9}"
EndProject
Project("{8BC9CEB8-8B4A-11D0-8D11-00A0C91BC942}") = "1.2.4.hello_triangle_exercise2", "1.2.4.hello_triangle_exercise2\1.2.4.hello_triangle_exercise2.vcxproj", "{A954E860-58B3-413F-8CAD-E2EB867A31AA}"
EndProject
Project("{8BC9CEB8-8B4A-11D0-8D11-00A0C91BC942}") = "1.2.5.hello_triangle_exercise3", "1.2.5.hello_triangle_exercise3\1.2.5.hello_triangle_exercise3.vcxproj", "{9F9BE7C9-CA8A-4390-8A6A-2740EA71953C}"
EndProject
Project("{8BC9CEB8-8B4A-11D0-8D11-00A0C91BC942}") = "1.3.1.shaders_uniform", "1.3.1.shaders_uniform\1.3.1.shaders_uniform.vcxproj", "{731319DA-7C24-43F9-A6A2-EE4848BA1DA9}"
EndProject
Project("{8BC9CEB8-8B4A-11D0-8D11-00A0C91BC942}") = "1.3.2.shaders_interpolation", "1.3.2.shaders_interpolation\1.3.2.shaders_interpolation.vcxproj", "{608B7394-BFFC-4719-8865-B8F89A707FFC}"
EndProject
Project("{8BC9CEB8-8B4A-11D0-8D11-00A0C91BC942}") = "1.3.3.shaders_class", "1.3.3.shaders_class\1.3.3.shaders_class.vcxproj", "{C7997F8D-6A93-431F-8BAC-C34107016C6C}"
EndProject
Project("{8BC9CEB8-8B4A-11D0-8D11-00A0C91BC942}") = "1.3.4.shaders_exercise1", "1.3.4.shaders_exercise1\1.3.4.shaders_exercise1.vcxproj", "{BD4D3DFF-E8C4-4416-A916-243A119E0D6B}"
EndProject
Project("{8BC9CEB8-8B4A-11D0-8D11-00A0C91BC942}") = "1.3.5.shaders_exercise2", "1.3.5.shaders_exercise2\1.3.5.shaders_exercise2.vcxproj", "{2199233E-BA9B-48F1-A4D4-8AC9735DCEB3}"
EndProject
Project("{8BC9CEB8-8B4A-11D0-8D11-00A0C91BC942}") = "1.3.6.shaders_exercise3", "1.3.6.shaders_exercise3\1.3.6.shaders_exercise3.vcxproj", "{BBC26F86-6FCA-4780-B21A-807869D9BD31}"
EndProject
Project("{8BC9CEB8-8B4A-11D0-8D11-00A0C91BC942}") = "1.4.1.textures", "1.4.1.textures\1.4.1.textures.vcxproj", "{3D81CE3A-B271-4D18-BCAD-C672E53AA92D}"
EndProject
Project("{8BC9CEB8-8B4A-11D0-8D11-00A0C91BC942}") = "1.4.2.textures_combined", "1.4.2.textures_combined\1.4.2.textures_combined.vcxproj", "{F90D6657-916E-4960-A8E6-891BE82A65C6}"
EndProject
Project("{8BC9CEB8-8B4A-11D0-8D11-00A0C91BC942}") = "1.4.3.textures_exercise1", "1.4.3.textures_exercise1\1.4.3.textures_exercise1.vcxproj", "{42A20D6C-19B7-4AFC-9837-72F0CE90A8FC}"
EndProject
Project("{8BC9CEB8-8B4A-11D0-8D11-00A0C91BC942}") = "1.4.4.textures_exercise2", "1.4.4.textures_exercise2\1.4.4.textures_exercise2.vcxproj", "{7443781F-2A57-48A0-8F0B-F9CACF53DEB0}"
EndProject
Project("{8BC9CEB8-8B4A-11D0-8D11-00A0C91BC942}") = "1.4.5.textures_exercise3", "1.4.5.textures_exercise3\1.4.5.textures_exercise3.vcxproj", "{16CBFA37-BC40-4FAE-A23B-6263C0C48F67}"
EndProject
Project("{8BC9CEB8-8B4A-11D0-8D11-00A0C91BC942}") = "1.4.6.textures_exercise4", "1.4.6.textures_exercise4\1.4.6.textures_exercise4.vcxproj", "{FE02081F-0342-4A39-AD0A-3416191C934F}"
EndProject
Project("{8BC9CEB8-8B4A-11D0-8D11-00A0C91BC942}") = "1.5.1.transformations", "1.5.1.transformations\1.5.1.transformations.vcxproj", "{90BCF56C-BE36-46AD-A77D-140E9E6AFE6A}"
EndProject
Project("{8BC9CEB8-8B4A-11D0-8D11-00A0C91BC942}") = "1.5.2.transformations_exercise1", "1.5.2.transformations_exercise1\1.5.2.transformations_exercise1.vcxproj", "{AF2AAEE5-B6C2-4EA5-B2E1-AB8F216386FB}"
EndProject
Project("{8BC9CEB8-8B4A-11D0-8D11-00A0C91BC942}") = "1.5.3.transformations_exercise2", "1.5.3.transformations_exercise2\1.5.3.transformations_exercise2.vcxproj", "{BBD5E821-5DC0-48E1-B82F-F1BC1075D804}"
EndProject
Project("{8BC9CEB8-8B4A-11D0-8D11-00A0C91BC942}") = "1.6.1.coordinate_systems", "1.6.1.coordinate_systems\1.6.1.coordinate_systems.vcxproj", "{1AF5BC46-399F-4D17-A4A8-E6B3197AAFF5}"
EndProject
Project("{8BC9CEB8-8B4A-11D0-8D11-00A0C91BC942}") = "1.6.2.coordinate_systems_depth", "1.6.2.coordinate_systems_depth\1.6.2.coordinate_systems_depth.vcxproj", "{8AF60302-B686-4CDE-9B39-8EB8B9884F5E}"
EndProject
Project("{8BC9CEB8-8B4A-11D0-8D11-00A0C91BC942}") = "1.6.3.coordinate_systems_multiple", "1.6.3.coordinate_systems_multiple\1.6.3.coordinate_systems_multiple.vcxproj", "{56596518-AEE8-41D9-AF0D-095E84F8BF4E}"
EndProject
Project("{8BC9CEB8-8B4A-11D0-8D11-00A0C91BC942}") = "1.6.4.coordinate_systems_exercise3", "1.6.4.coordinate_systems_exercise3\1.6.4.coordinate_systems_exercise3.vcxproj", "{D939F204-6853-4AEF-8ED5-74D677CA4B92}"
EndProject
Project("{8BC9CEB8-8B4A-11D0-8D11-00A0C91BC942}") = "1.7.1.camera_circle", "1.7.1.camera_circle\1.7.1.camera_circle.vcxproj", "{E0D24E3B-A6D2-4F10-AB1E-575071AB094A}"
EndProject
Project("{8BC9CEB8-8B4A-11D0-8D11-00A0C91BC942}") = "1.7.2.camera_keyboard_dt", "1.7.2.camera_keyboard_dt\1.7.2.camera_keyboard_dt.vcxproj", "{2667442D-FF85-4B52-BC5F-31597DAE6878}"
EndProject
Project("{8BC9CEB8-8B4A-11D0-8D11-00A0C91BC942}") = "1.7.3.camera_mouse_zoom", "1.7.3.camera_mouse_zoom\1.7.3.camera_mouse_zoom.vcxproj", "{AAB42BE7-9021-44E3-B3C1-796613045D92}"
EndProject
Project("{8BC9CEB8-8B4A-11D0-8D11-00A0C91BC942}") = "1.7.4.camera_class", "1.7.4.camera_class\1.7.4.camera_class.vcxproj", "{8300B790-B8F1-480E-A861-7A966A78AD3E}"
EndProject
Project("{8BC9CEB8-8B4A-11D0-8D11-00A0C91BC942}") = "2.1.colors", "2.1.colors\2.1.colors.vcxproj", "{92DDB76A-73AC-49C3-AA71-9E5CBC4C22FB}"
EndProject
Project("{8BC9CEB8-8B4A-11D0-8D11-00A0C91BC942}") = "2.2.1.basic_lighting_diffuse", "2.2.1.basic_lighting_diffuse\2.2.1.basic_lighting_diffuse.vcxproj", "{389BB49D-6022-45F5-AB40-333AB36AFC6E}"
EndProject
Project("{8BC9CEB8-8B4A-11D0-8D11-00A0C91BC942}") = "2.2.2.basic_lighting_specular", "2.2.2.basic_lighting_specular\2.2.2.basic_lighting_specular.vcxproj", "{9525F059-4482-4EBE-B82F-22EF8D7B536F}"
EndProject
Project("{8BC9CEB8-8B4A-11D0-8D11-00A0C91BC942}") = "2.2.3.basic_lighting_exercise1", "2.2.3.basic_lighting_exercise1\2.2.3.basic_lighting_exercise1.vcxproj", "{54B724C5-6FDA-4A53-9479-E36C0010A7B4}"
EndProject
Project("{8BC9CEB8-8B4A-11D0-8D11-00A0C91BC942}") = "2.2.4.basic_lighting_exercise2", "2.2.4.basic_lighting_exercise2\2.2.4.basic_lighting_exercise2.vcxproj", "{10BDC153-6980-4FA5-9470-DBE0EED70F77}"
EndProject
Project("{8BC9CEB8-8B4A-11D0-8D11-00A0C91BC942}") = "2.2.5.basic_lighting_exercise3", "2.2.5.basic_lighting_exercise3\2.2.5.basic_lighting_exercise3.vcxproj", "{28C3A2DA-2179-4C87-9314-DE1E8A59BAB3}"
EndProject
Project("{8BC9CEB8-8B4A-11D0-8D11-00A0C91BC942}") = "2.3.1.materials", "2.3.1.materials\2.3.1.materials.vcxproj", "{61076684-37F2-40D9-9D1D-8E41C6AE1DBC}"
EndProject
Project("{8BC9CEB8-8B4A-11D0-8D11-00A0C91BC942}") = "2.3.2.materials_exercise1", "2.3.2.materials_exercise1\2.3.2.materials_exercise1.vcxproj", "{EBBB4D3D-C2C6-4517-98BE-E521EEBC8285}"
EndProject
Project("{8BC9CEB8-8B4A-11D0-8D11-00A0C91BC942}") = "2.4.1.lighting_maps_diffuse_map", "2.4.1.lighting_maps_diffuse_map\2.4.1.lighting_maps_diffuse_map.vcxproj", "{1774DA64-C7C2-485E-B4F3-58722F6C4D49}"
EndProject
Project("{8BC9CEB8-8B4A-11D0-8D11-00A0C91BC942}") = "2.4.2.lighting_maps_specular_map", "2.4.2.lighting_maps_specular_map\2.4.2.lighting_maps_specular_map.vcxproj", "{D6B3D008-0D16-4D35-8958-96231E897923}"
EndProject
Project("{8BC9CEB8-8B4A-11D0-8D11-00A0C91BC942}") = "2.4.3.lighting_maps_exercise2", "2.4.3.lighting_maps_exercise2\2.4.3.lighting_maps_exercise2.vcxproj", "{DE9DDD2E-4712-43A2-83B8-428EC9A43339}"
EndProject
Project("{8BC9CEB8-8B4A-11D0-8D11-00A0C91BC942}") = "2.4.4.lighting_maps_exercise4", "2.4.4.lighting_maps_exercise4\2.4.4.lighting_maps_exercise4.vcxproj", "{1594DDC0-136E-4778-BB22-162B14502DF6}"
EndProject
Project("{8BC9CEB8-8B4A-11D0-8D11-00A0C91BC942}") = "2.5.1.light_casters_directional", "2.5.1.light_casters_directional\2.5.1.light_casters_directional.vcxproj", "{B030A1C4-7DCF-47B4-B641-2B119F7260C0}"
EndProject
Project("{8BC9CEB8-8B4A-11D0-8D11-00A0C91BC942}") = "2.5.2.light_casters_point", "2.5.2.light_casters_point\2.5.2.light_casters_point.vcxproj", "{AB980D4A-E433-4A63-B286-F31D117B7039}"
EndProject
Project("{8BC9CEB8-8B4A-11D0-8D11-00A0C91BC942}") = "2.5.3.light_casters_spot", "2.5.3.light_casters_spot\2.5.3.light_casters_spot.vcxproj", "{385321EB-F6AD-4F32-83F4-C3B280660714}"
EndProject
Project("{8BC9CEB8-8B4A-11D0-8D11-00A0C91BC942}") = "2.5.4.light_casters_spot_soft", "2.5.4.light_casters_spot_soft\2.5.4.light_casters_spot_soft.vcxproj", "{49E4E8E6-DAAF-4044-AF01-ABF195981D7A}"
EndProject
Project("{8BC9CEB8-8B4A-11D0-8D11-00A0C91BC942}") = "2.6.multiple_lights", "2.6.multiple_lights\2.6.multiple_lights.vcxproj", "{68AED826-C098-40CA-8E73-73D536860DE6}"
EndProject
Project("{8BC9CEB8-8B4A-11D0-8D11-00A0C91BC942}") = "2.6.multiple_lights_exercise1", "2.6.multiple_lights_exercise1\2.6.multiple_lights_exercise1.vcxproj", "{FEAD75EE-DA97-4160-A1E4-586F1AFF6A6C}"
EndProject
Project("{8BC9CEB8-8B4A-11D0-8D11-00A0C91BC942}") = "3.1.model_loading", "3.1.model_loading\3.1.model_loading.vcxproj", "{6AA333EA-D949-44BF-82D7-12F8B1314334}"
EndProject
Project("{8BC9CEB8-8B4A-11D0-8D11-00A0C91BC942}") = "4.1.1.depth_testing", "4.1.1.depth_testing\4.1.1.depth_testing.vcxproj", "{8D7FAB88-58E8-42D7-A089-2BAD9750F358}"
EndProject
Project("{8BC9CEB8-8B4A-11D0-8D11-00A0C91BC942}") = "4.1.2.depth_testing_view", "4.1.2.depth_testing_view\4.1.2.depth_testing_view.vcxproj", "{09EB7D6C-8279-4397-A440-1E9961B9296B}"
EndProject
Project("{8BC9CEB8-8B4A-11D0-8D11-00A0C91BC942}") = "4.2.stencil_testing", "4.2.stencil_testing\4.2.stencil_testing.vcxproj", "{91536A08-0D06-4655-A7EA-AC9183E2F369}"
EndProject
Project("{8BC9CEB8-8B4A-11D0-8D11-00A0C91BC942}") = "4.3.1.blending_discard", "4.3.1.blending_discard\4.3.1.blending_discard.vcxproj", "{0037CE07-84AB-4582-9ADA-9657AF12955C}"
EndProject
Project("{8BC9CEB8-8B4A-11D0-8D11-00A0C91BC942}") = "4.3.2.blending_sort", "4.3.2.blending_sort\4.3.2.blending_sort.vcxproj", "{D6C15D1C-14E0-4E69-9AFB-25A140D4518D}"
EndProject
Project("{8BC9CEB8-8B4A-11D0-8D11-00A0C91BC942}") = "4.4.face_culling_exercise1", "4.4.face_culling_exercise1\4.4.face_culling_exercise1.vcxproj", "{CAC44728-E6CE-41FE-B954-F941EF73FAD4}"
EndProject
Project("{8BC9CEB8-8B4A-11D0-8D11-00A0C91BC942}") = "4.5.1.framebuffers", "4.5.1.framebuffers\4.5.1.framebuffers.vcxproj", "{D3198ACD-9899-48F8-92D2-39E7A7054F89}"
EndProject
Project("{8BC9CEB8-8B4A-11D0-8D11-00A0C91BC942}") = "4.5.2.framebuffers_exercise1", "4.5.2.framebuffers_exercise1\4.5.2.framebuffers_exercise1.vcxproj", "{31B55CED-D515-4E5B-AB0B-FB1253D9B3B2}"
EndProject
Project("{8BC9CEB8-8B4A-11D0-8D11-00A0C91BC942}") = "4.6.1.cubemaps_skybox", "4.6.1.cubemaps_skybox\4.6.1.cubemaps_skybox.vcxproj", "{7F92B27E-C934-4532-A0F2-6C9EE8AF3055}"
EndProject
Project("{8BC9CEB8-8B4A-11D0-8D11-00A0C91BC942}") = "4.6.2.cubemaps_environment_mapping", "4.6.2.cubemaps_environment_mapping\4.6.2.cubemaps_environment_mapping.vcxproj", "{3578F204-BC04-4522-BDE3-1A23FB340C1B}"
EndProject
Project("{8BC9CEB8-8B4A-11D0-8D11-00A0C91BC942}") = "4.8.advanced_glsl_ubo", "4.8.advanced_glsl_ubo\4.8.advanced_glsl_ubo.vcxproj", "{AE2E1CF2-8CA7-4ED8-95D8-0F636D3BD3F9}"
EndProject
Project("{8BC9CEB8-8B4A-11D0-8D11-00A0C91BC942}") = "4.9.1.geometry_shader_houses", "4.9.1.geometry_shader_houses\4.9.1.geometry_shader_houses.vcxproj", "{9BD6F7B4-2F4F-4EA3-B0C3-77ED0F30C9BB}"
EndProject
Project("{8BC9CEB8-8B4A-11D0-8D11-00A0C91BC942}") = "4.9.2.geometry_shader_exploding", "4.9.2.geometry_shader_exploding\4.9.2.geometry_shader_exploding.vcxproj", "{36EA625C-B343-42A5-890C-02FC96243A09}"
EndProject
Project("{8BC9CEB8-8B4A-11D0-8D11-00A0C91BC942}") = "4.9.3.geometry_shader_normals", "4.9.3.geometry_shader_normals\4.9.3.geometry_shader_normals.vcxproj", "{67DE3FA0-5124-4F73-B0D9-5BC371DD2147}"
EndProject
Project("{8BC9CEB8-8B4A-11D0-8D11-00A0C91BC942}") = "4.10.1.instancing_quads", "4.10.1.instancing_quads\4.10.1.instancing_quads.vcxproj", "{9F987C54-7833-46C9-BADD-E2D3BCD9FE73}"
EndProject
Project("{8BC9CEB8-8B4A-11D0-8D11-00A0C91BC942}") = "4.10.2.asteroids", "4.10.2.asteroids\4.10.2.asteroids.vcxproj", "{119843FF-D90E-44F0-A2D3-79CAA4EB0445}"
EndProject
Project("{8BC9CEB8-8B4A-11D0-8D11-00A0C91BC942}") = "4.10.3.asteroids_instanced", "4.10.3.asteroids_instanced\4.10.3.asteroids_instanced.vcxproj", "{B9878AD4-264A-4B40-88F1-18605B641D58}"
EndProject
Project("{8BC9CEB8-8B4A-11D0-8D11-00A0C91BC942}") = "4.11.1.anti_aliasing_msaa", "4.11.1.anti_aliasing_msaa\4.11.1.anti_aliasing_msaa.vcxproj", "{AC7AFC27-558E-4178-B764-681A4409776F}"
EndProject
Project("{8BC9CEB8-8B4A-11D0-8D11-00A0C91BC942}") = "4.11.2.anti_aliasing_offscreen", "4.11.2.anti_aliasing_offscreen\4.11.2.anti_aliasing_offscreen.vcxproj", "{9C175304-546C-4BB6-A4C5-312C93BA982B}"
EndProject
Project("{8BC9CEB8-8B4A-11D0-8D11-00A0C91BC942}") = "5.1.advanced_lighting", "5.1.advanced_lighting\5.1.advanced_lighting.vcxproj", "{E44FA674-A0C5-48C4-B9F3-54D1C281AD0A}"
EndProject
Project("{8BC9CEB8-8B4A-11D0-8D11-00A0C91BC942}") = "5.2.gamma_correction", "5.2.gamma_correction\5.2.gamma_correction.vcxproj", "{2F5F234E-3B2D-43C0-A7FB-B1AF5E1BE069}"
EndProject
Project("{8BC9CEB8-8B4A-11D0-8D11-00A0C91BC942}") = "5.3.1.1.shadow_mapping_depth", "5.3.1.1.shadow_mapping_depth\5.3.1.1.shadow_mapping_depth.vcxproj", "{318F9CB5-AEFD-4F9A-B1D2-9FFC6C1013DC}"
EndProject
Project("{8BC9CEB8-8B4A-11D0-8D11-00A0C91BC942}") = "5.3.1.2.shadow_mapping_base", "5.3.1.2.shadow_mapping_base\5.3.1.2.shadow_mapping_base.vcxproj", "{C8C014C2-D073-4368-AA2D-F4253A263175}"
EndProject
Project("{8BC9CEB8-8B4A-11D0-8D11-00A0C91BC942}") = "5.3.1.3.shadow_mapping", "5.3.1.3.shadow_mapping\5.3.1.3.shadow_mapping.vcxproj", "{2BC08E98-6BF5-41C6-9F52-62FB30BA059F}"
EndProject
Project("{8BC9CEB8-8B4A-11D0-8D11-00A0C91BC942}") = "5.3.2.1.point_shadows", "5.3.2.1.point_shadows\5.3.2.1.point_shadows.vcxproj", "{3166419B-5F20-44A5-B450-027AE3874913}"
EndProject
Project("{8BC9CEB8-8B4A-11D0-8D11-00A0C91BC942}") = "5.3.2.2.point_shadows_soft", "5.3.2.2.point_shadows_soft\5.3.2.2.point_shadows_soft.vcxproj", "{08D34652-E074-4885-8949-BA4CC8E279EE}"
EndProject
Project("{8BC9CEB8-8B4A-11D0-8D11-00A0C91BC942}") = "5.4.normal_mapping", "5.4.normal_mapping\5.4.normal_mapping.vcxproj", "{2826FA48-21CE-4E0A-BB52-60C761305EC1}"
EndProject
Project("{8BC9CEB8-8B4A-11D0-8D11-00A0C91BC942}") = "5.5.1.parallax_mapping", "5.5.1.parallax_mapping\5.5.1.parallax_mapping.vcxproj", "{8DD43C7C-994E-49F1-A960-B76E5839DAAA}"
EndProject
Project("{8BC9CEB8-8B4A-11D0-8D11-00A0C91BC942}") = "5.5.2.steep_parallax_mapping", "5.5.2.steep_parallax_mapping\5.5.2.steep_parallax_mapping.vcxproj", "{CFBAAEB9-F4E3-4736-82EB-AB9D1A631A48}"
EndProject
Project("{8BC9CEB8-8B4A-11D0-8D11-00A0C91BC942}") = "5.5.3.parallax_occlusion_mapping", "5.5.3.parallax_occlusion_mapping\5.5.3.parallax_occlusion_mapping.vcxproj", "{6B9EE2AA-1E88-41DB-8604-C3D83F741176}"
EndProject
Project("{8BC9CEB8-8B4A-11D0-8D11-00A0C91BC942}") = "5.6.hdr", "5.6.hdr\5.6.hdr.vcxproj", "{FE67FCE4-3A57-4BB4-B709-01A9045E4B34}"
EndProject
Project("{8BC9CEB8-8B4A-11D0-8D11-00A0C91BC942}") = "5.7.bloom", "5.7.bloom\5.7.bloom.vcxproj", "{110D3BF6-60B1-45A6-90BE-2E7FD520AA4B}"
EndProject
Project("{8BC9CEB8-8B4A-11D0-8D11-00A0C91BC942}") = "5.8.1.deferred_shading", "5.8.1.deferred_shading\5.8.1.deferred_shading.vcxproj", "{0393DE77-135F-4C12-B3B3-69E570ACFDBD}"
EndProject
Project("{8BC9CEB8-8B4A-11D0-8D11-00A0C91BC942}") = "5.8.2.deferred_shading_volumes", "5.8.2.deferred_shading_volumes\5.8.2.deferred_shading_volumes.vcxproj", "{EAD161E7-6F4D-4F93-9CE2-1B858159C3C1}"
EndProject
Project("{8BC9CEB8-8B4A-11D0-8D11-00A0C91BC942}") = "5.9.ssao", "5.9.ssao\5.9.ssao.vcxproj", "{375FF567-6B8D-4701-A3B5-A14110CCE942}"
EndProject
Project("{8BC9CEB8-8B4A-11D0-8D11-00A0C91BC942}") = "6.1.1.lighting", "6.1.1.lighting\6.1.1.lighting.vcxproj", "{84BA8D76-D351-442F-8097-006D22BA8FED}"
EndProject
Project("{8BC9CEB8-8B4A-11D0-8D11-00A0C91BC942}") = "6.1.2.lighting_textured", "6.1.2.lighting_textured\6.1.2.lighting_textured.vcxproj", "{98142755-FF9E-47FF-8E98-B493BA8823BE}"
EndProject
Project("{8BC9CEB8-8B4A-11D0-8D11-00A0C91BC942}") = "6.2.1.1.ibl_irradiance_conversion", "6.2.1.1.ibl_irradiance_conversion\6.2.1.1.ibl_irradiance_conversion.vcxproj", "{F1828137-1C43-44C3-9E5B-6AD705C8F39E}"
EndProject
Project("{8BC9CEB8-8B4A-11D0-8D11-00A0C91BC942}") = "6.2.1.2.ibl_irradiance", "6.2.1.2.ibl_irradiance\6.2.1.2.ibl_irradiance.vcxproj", "{E67D10A9-DD1D-4280-8480-4254577BA7B6}"
EndProject
Project("{8BC9CEB8-8B4A-11D0-8D11-00A0C91BC942}") = "6.2.2.1.ibl_specular", "6.2.2.1.ibl_specular\6.2.2.1.ibl_specular.vcxproj", "{808CAFB7-DF6F-4D42-83E7-CE14206A94D2}"
EndProject
Project("{8BC9CEB8-8B4A-11D0-8D11-00A0C91BC942}") = "6.2.2.2.ibl_specular_textured", "6.2.2.2.ibl_specular_textured\6.2.2.2.ibl_specular_textured.vcxproj", "{304AFD72-5E90-4E13-8567-108765784DBB}"
EndProject
Project("{8BC9CEB8-8B4A-11D0-8D11-00A0C91BC942}") = "7.1.debugging", "7.1.debugging\7.1.debugging.vcxproj", "{D16D9F98-D5B8-4F74-9E7A-0E34C52CF2EF}"
EndProject
Project("{8BC9CEB8-8B4A-11D0-8D11-00A0C91BC942}") = "7.2.text_rendering", "7.2.text_rendering\7.2.text_rendering.vcxproj", "{DA248CA2-9951-460C-A4A9-CB563A6418F9}"
EndProject
Project("{8BC9CEB8-8B4A-11D0-8D11-00A0C91BC942}") = "7.3.2d_game", "7.3.2d_game\7.3.2d_game.vcxproj", "{4C50B50A-A4E7-4541-A89F-5DF7AF1CCF77}"
EndProject
Global
	GlobalSection(SolutionConfigurationPlatforms) = preSolution
		Debug|x64 = Debug|x64
		Debug|x86 = Debug|x86
		Release|x64 = Release|x64
		Release|x86 = Release|x86
	EndGlobalSection
	GlobalSection(ProjectConfigurationPlatforms) = postSolution
		{77FFE5B5-AEB5-4C51-8646-ADC1ADA3862B}.Debug|x64.ActiveCfg = Debug|x64
		{77FFE5B5-AEB5-4C51-8646-ADC1ADA3862B}.Debug|x64.Build.0 = Debug|x64
		{77FFE5B5-AEB5-4C51-8646-ADC1ADA3862B}.Debug|x86.ActiveCfg = Debug|Win32
		{77FFE5B5-AEB5-4C51-8646-ADC1ADA3862B}.Debug|x86.Build.0 = Debug|Win32
		{77FFE5B5-AEB5-4C51-8646-ADC1ADA3862B}.Release|x64.ActiveCfg = Release|x64
		{77FFE5B5-AEB5-4C51-8646-ADC1ADA3862B}.Release|x64.Build.0 = Release|x64
		{77FFE5B5-AEB5-4C51-8646-ADC1ADA3862B}.Release|x86.ActiveCfg = Release|Win32
		{77FFE5B5-AEB5-4C51-8646-ADC1ADA3862B}.Release|x86.Build.0 = Release|Win32
		{340BBE3D-DC08-4432-AA15-CCCC5CBC994E}.Debug|x64.ActiveCfg = Debug|x64
		{340BBE3D-DC08-4432-AA15-CCCC5CBC994E}.Debug|x64.Build.0 = Debug|x64
		{340BBE3D-DC08-4432-AA15-CCCC5CBC994E}.Debug|x86.ActiveCfg = Debug|Win32
		{340BBE3D-DC08-4432-AA15-CCCC5CBC994E}.Debug|x86.Build.0 = Debug|Win32
		{340BBE3D-DC08-4432-AA15-CCCC5CBC994E}.Release|x64.ActiveCfg = Release|x64
		{340BBE3D-DC08-4432-AA15-CCCC5CBC994E}.Release|x64.Build.0 = Release|x64
		{340BBE3D-DC08-4432-AA15-CCCC5CBC994E}.Release|x86.ActiveCfg = Release|Win32
		{340BBE3D-DC08-4432-AA15-CCCC5CBC994E}.Release|x86.Build.0 = Release|Win32
		{E70E84BE-483A-483A-A2B0-915FDF0D2C60}.Debug|x64.ActiveCfg = Debug|x64
		{E70E84BE-483A-483A-A2B0-915FDF0D2C60}.Debug|x64.Build.0 = Debug|x64
		{E70E84BE-483A-483A-A2B0-915FDF0D2C60}.Debug|x86.ActiveCfg = Debug|Win32
		{E70E84BE-483A-483A-A2B0-915FDF0D2C60}.Debug|x86.Build.0 = Debug|Win32
		{E70E84BE-483A-483A-A2B0-915FDF0D2C60}.Release|x64.ActiveCfg = Release|x64
		{E70E84BE-483A-483A-A2B0-915FDF0D2C60}.Release|x64.Build.0 = Release|x64
		{E70E84BE-483A-483A-A2B0-915FDF0D2C60}.Release|x86.ActiveCfg = Release|Win32
		{E70E84BE-483A-483A-A2B0-915FDF0D2C60}.Release|x86.Build.0 = Release|Win32
		{C49CD6FB-500D-437E-9A5E-DF1D415F2452}.Debug|x64.ActiveCfg = Debug|x64
		{C49CD6FB-500D-437E-9A5E-DF1D415F2452}.Debug|x64.Build.0 = Debug|x64
		{C49CD6FB-500D-437E-9A5E-DF1D415F2452}.Debug|x86.ActiveCfg = Debug|Win32
		{C49CD6FB-500D-437E-9A5E-DF1D415F2452}.Debug|x86.Build.0 = Debug|Win32
		{C49CD6FB-500D-437E-9A5E-DF1D415F2452}.Release|x64.ActiveCfg = Release|x64
		{C49CD6FB-500D-437E-9A5E-DF1D415F2452}.Release|x64.Build.0 = Release|x64
		{C49CD6FB-500D-437E-9A5E-DF1D415F2452}.Release|x86.ActiveCfg = Release|Win32
		{C49CD6FB-500D-437E-9A5E-DF1D415F2452}.Release|x86.Build.0 = Release|Win32
		{4A6A1CCE-A5C0-47F4-B735-C2ECE88620F9}.Debug|x64.ActiveCfg = Debug|x64
		{4A6A1CCE-A5C0-47F4-B735-C2ECE88620F9}.Debug|x64.Build.0 = Debug|x64
		{4A6A1CCE-A5C0-47F4-B735-C2ECE88620F9}.Debug|x86.ActiveCfg = Debug|Win32
		{4A6A1CCE-A5C0-47F4-B735-C2ECE88620F9}.Debug|x86.Build.0 = Debug|Win32
		{4A6A1CCE-A5C0-47F4-B735-C2ECE88620F9}.Release|x64.ActiveCfg = Release|x64
		{4A6A1CCE-A5C0-47F4-B735-C2ECE88620F9}.Release|x64.Build.0 = Release|x64
		{4A6A1CCE-A5C0-47F4-B735-C2ECE88620F9}.Release|x86.ActiveCfg = Release|Win32
		{4A6A1CCE-A5C0-47F4-B735-C2ECE88620F9}.Release|x86.Build.0 = Release|Win32
		{A954E860-58B3-413F-8CAD-E2EB867A31AA}.Debug|x64.ActiveCfg = Debug|x64
		{A954E860-58B3-413F-8CAD-E2EB867A31AA}.Debug|x64.Build.0 = Debug|x64
		{A954E860-58B3-413F-8CAD-E2EB867A31AA}.Debug|x86.ActiveCfg = Debug|Win32
		{A954E860-58B3-413F-8CAD-E2EB867A31AA}.Debug|x86.Build.0 = Debug|Win32
		{A954E860-58B3-413F-8CAD-E2EB867A31AA}.Release|x64.ActiveCfg = Release|x64
		{A954E860-58B3-413F-8CAD-E2EB867A31AA}.Release|x64.Build.0 = Release|x64
		{A954E860-58B3-413F-8CAD-E2EB867A31AA}.Release|x86.ActiveCfg = Release|Win32
		{A954E860-58B3-413F-8CAD-E2EB867A31AA}.Release|x86.Build.0 = Release|Win32
		{9F9BE7C9-CA8A-4390-8A6A-2740EA71953C}.Debug|x64.ActiveCfg = Debug|x64
		{9F9BE7C9-CA8A-4390-8A6A-2740EA71953C}.Debug|x64.Build.0 = Debug|x64
		{9F9BE7C9-CA8A-4390-8A6A-2740EA71953C}.Debug|x86.ActiveCfg = Debug|Win32
		{9F9BE7C9-CA8A-4390-8A6A-2740EA71953C}.Debug|x86.Build.0 = Debug|Win32
		{9F9BE7C9-CA8A-4390-8A6A-2740EA71953C}.Release|x64.ActiveCfg = Release|x64
		{9F9BE7C9-CA8A-4390-8A6A-2740EA71953C}.Release|x64.Build.0 = Release|x64
		{9F9BE7C9-CA8A-4390-8A6A-2740EA71953C}.Release|x86.ActiveCfg = Release|Win32
		{9F9BE7C9-CA8A-4390-8A6A-2740EA71953C}.Release|x86.Build.0 = Release|Win32
		{731319DA-7C24-43F9-A6A2-EE4848BA1DA9}.Debug|x64.ActiveCfg = Debug|x64
		{731319DA-7C24-43F9-A6A2-EE4848BA1DA9}.Debug|x64.Build.0 = Debug|x64
		{731319DA-7C24-43F9-A6A2-EE4848BA1DA9}.Debug|x86.ActiveCfg = Debug|Win32
		{731319DA-7C24-43F9-A6A2-EE4848BA1DA9}.Debug|x86.Build.0 = Debug|Win32
		{731319DA-7C24-43F9-A6A2-EE4848BA1DA9}.Release|x64.ActiveCfg = Release|x64
		{731319DA-7C24-43F9-A6A2-EE4848BA1DA9}.Release|x64.Build.0 = Release|x64
		{731319DA-7C24-43F9-A6A2-EE4848BA1DA9}.Release|x86.ActiveCfg = Release|Win32
		{731319DA-7C24-43F9-A6A2-EE4848BA1DA9}.Release|x86.Build.0 = Release|Win32
		{608B7394-BFFC-4719-8865-B8F89A707FFC}.Debug|x64.ActiveCfg = Debug|x64
		{608B7394-BFFC-4719-8865-B8F89A707FFC}.Debug|x64.Build.0 = Debug|x64
		{608B7394-BFFC-4719-8865-B8F89A707FFC}.Debug|x86.ActiveCfg = Debug|Win32
		{608B7394-BFFC-4719-8865-B8F89A707FFC}.Debug|x86.Build.0 = Debug|Win32
		{608B7394-BFFC-4719-8865-B8F89A707FFC}.Release|x64.ActiveCfg = Release|x64
		{608B7394-BFFC-4719-8865-B8F89A707FFC}.Release|x64.Build.0 = Release|x64
		{608B7394-BFFC-4719-8865-B8F89A707FFC}.Release|x86.ActiveCfg = Release|Win32
		{608B7394-BFFC-4719-8865-B8F89A707FFC}.Release|x86.Build.0 = Release|Win32
		{C7997F8D-6A93-431F-8BAC-C34107016C6C}.Debug|x64.ActiveCfg = Debug|x64
		{C7997F8D-6A93-431F-8BAC-C34107016C6C}.Debug|x64.Build.0 = Debug|x64
		{C7997F8D-6A93-431F-8BAC-C34107016C6C}.Debug|x86.ActiveCfg = Debug|Win32
		{C7997F8D-6A93-431F-8BAC-C34107016C6C}.Debug|x86.Build.0 = Debug|Win32
		{C7997F8D-6A93-431F-8BAC-C34107016C6C}.Release|x64.ActiveCfg = Release|x64
		{C7997F8D-6A93-431F-8BAC-C34107016C6C}.Release|x64.Build.0 = Release|x64
		{C7997F8D-6A93-431F-8BAC-C34107016C6C}.Release|x86.ActiveCfg = Release|Win32
		{C7997F8D-6A93-431F-8BAC-C34107016C6C}.Release|x86.Build.0 = Release|Win32
		{BD4D3DFF-E8C4-4416-A916-243A119E0D6B}.Debug|x64.ActiveCfg = Debug|x64
		{BD4D3DFF-E8C4-4416-A916-243A119E0D6B}.Debug|x64.Build.0 = Debug|x64
		{BD4D3DFF-E8C4-4416-A916-243A119E0D6B}.Debug|x86.ActiveCfg = Debug|Win32
		{BD4D3DFF-E8C4-4416-A916-243A119E0D6B}.Debug|x86.Build.0 = Debug|Win32
		{BD4D3DFF-E8C4-4416-A916-243A119E0D6B}.Release|x64.ActiveCfg = Release|x64
		{BD4D3DFF-E8C4-4416-A916-243A119E0D6B}.Release|x64.Build.0 = Release|x64
		{BD4D3DFF-E8C4-4416-A916-243A119E0D6B}.Release|x86.ActiveCfg = Release|Win32
		{BD4D3DFF-E8C4-4416-A916-243A119E0D6B}.Release|x86.Build.0 = Release|Win32
		{2199233E-BA9B-48F1-A4D4-8AC9735DCEB3}.Debug|x64.ActiveCfg = Debug|x64
		{2199233E-BA9B-48F1-A4D4-8AC9735DCEB3}.Debug|x64.Build.0 = Debug|x64
		{2199233E-BA9B-48F1-A4D4-8AC9735DCEB3}.Debug|x86.ActiveCfg = Debug|Win32
		{2199233E-BA9B-48F1-A4D4-8AC9735DCEB3}.Debug|x86.Build.0 = Debug|Win32
		{2199233E-BA9B-48F1-A4D4-8AC9735DCEB3}.Release|x64.ActiveCfg = Release|x64
		{2199233E-BA9B-48F1-A4D4-8AC9735DCEB3}.Release|x64.Build.0 = Release|x64
		{2199233E-BA9B-48F1-A4D4-8AC9735DCEB3}.Release|x86.ActiveCfg = Release|Win32
		{2199233E-BA9B-48F1-A4D4-8AC9735DCEB3}.Release|x86.Build.0 = Release|Win32
		{BBC26F86-6FCA-4780-B21A-807869D9BD31}.Debug|x64.ActiveCfg = Debug|x64
		{BBC26F86-6FCA-4780-B21A-807869D9BD31}.Debug|x64.Build.0 = Debug|x64
		{BBC26F86-6FCA-4780-B21A-807869D9BD31}.Debug|x86.ActiveCfg = Debug|Win32
		{BBC26F86-6FCA-4780-B21A-807869D9BD31}.Debug|x86.Build.0 = Debug|Win32
		{BBC26F86-6FCA-4780-B21A-807869D9BD31}.Release|x64.ActiveCfg = Release|x64
		{BBC26F86-6FCA-4780-B21A-807869D9BD31}.Release|x64.Build.0 = Release|x64
		{BBC26F86-6FCA-4780-B21A-807869D9BD31}.Release|x86.ActiveCfg = Release|Win32
		{BBC26F86-6FCA-4780-B21A-807869D9BD31}.Release|x86.Build.0 = Release|Win32
		{3D81CE3A-B271-4D18-BCAD-C672E53AA92D}.Debug|x64.ActiveCfg = Debug|x64
		{3D81CE3A-B271-4D18-BCAD-C672E53AA92D}.Debug|x64.Build.0 = Debug|x64
		{3D81CE3A-B271-4D18-BCAD-C672E53AA92D}.Debug|x86.ActiveCfg = Debug|Win32
		{3D81CE3A-B271-4D18-BCAD-C672E53AA92D}.Debug|x86.Build.0 = Debug|Win32
		{3D81CE3A-B271-4D18-BCAD-C672E53AA92D}.Release|x64.ActiveCfg = Release|x64
		{3D81CE3A-B271-4D18-BCAD-C672E53AA92D}.Release|x64.Build.0 = Release|x64
		{3D81CE3A-B271-4D18-BCAD-C672E53AA92D}.Release|x86.ActiveCfg = Release|Win32
		{3D81CE3A-B271-4D18-BCAD-C672E53AA92D}.Release|x86.Build.0 = Release|Win32
		{F90D6657-916E-4960-A8E6-891BE82A65C6}.Debug|x64.ActiveCfg = Debug|x64
		{F90D6657-916E-4960-A8E6-891BE82A65C6}.Debug|x64.Build.0 = Debug|x64
		{F90D6657-916E-4960-A8E6-891BE82A65C6}.Debug|x86.ActiveCfg = Debug|Win32
		{F90D6657-916E-4960-A8E6-891BE82A65C6}.Debug|x86.Build.0 = Debug|Win32
		{F90D6657-916E-4960-A8E6-891BE82A65C6}.Release|x64.ActiveCfg = Release|x64
		{F90D6657-916E-4960-A8E6-891BE82A65C6}.Release|x64.Build.0 = Release|x64
		{F90D6657-916E-4960-A8E6-891BE82A65C6}.Release|x86.ActiveCfg = Release|Win32
		{F90D6657-916E-4960-A8E6-891BE82A65C6}.Release|x86.Build.0 = Release|Win32
		{42A20D6C-19B7-4AFC-9837-72F0CE90A8FC}.Debug|x64.ActiveCfg = Debug|x64
		{42A20D6C-19B7-4AFC-9837-72F0CE90A8FC}.Debug|x64.Build.0 = Debug|x64
		{42A20D6C-19B7-4AFC-9837-72F0CE90A8FC}.Debug|x86.ActiveCfg = Debug|Win32
		{42A20D6C-19B7-4AFC-9837-72F0CE90A8FC}.Debug|x86.Build.0 = Debug|Win32
		{42A20D6C-19B7-4AFC-9837-72F0CE90A8FC}.Release|x64.ActiveCfg = Release|x64
		{42A20D6C-19B7-4AFC-9837-72F0CE90A8FC}.Release|x64.Build.0 = Release|x64
		{42A20D6C-19B7-4AFC-9837-72F0CE90A8FC}.Release|x86.ActiveCfg = Release|Win32
		{42A20D6C-19B7-4AFC-9837-72F0CE90A8FC}.Release|x86.Build.0 = Release|Win32
		{7443781F-2A57-48A0-8F0B-F9CACF53DEB0}.Debug|x64.ActiveCfg = Debug|x64
		{7443781F-2A57-48A0-8F0B-F9CACF53DEB0}.Debug|x64.Build.0 = Debug|x64
		{7443781F-2A57-48A0-8F0B-F9CACF53DEB0}.Debug|x86.ActiveCfg = Debug|Win32
		{7443781F-2A57-48A0-8F0B-F9CACF53DEB0}.Debug|x86.Build.0 = Debug|Win32
		{7443781F-2A57-48A0-8F0B-F9CACF53DEB0}.Release|x64.ActiveCfg = Release|x64
		{7443781F-2A57-48A0-8F0B-F9CACF53DEB0}.Release|x64.Build.0 = Release|x64
		{7443781F-2A57-48A0-8F0B-F9CACF53DEB0}.Release|x86.ActiveCfg = Release|Win32
		{7443781F-2A57-48A0-8F0B-F9CACF53DEB0}.Release|x86.Build.0 = Release|Win32
		{16CBFA37-BC40-4FAE-A23B-6263C0C48F67}.Debug|x64.ActiveCfg = Debug|x64
		{16CBFA37-BC40-4FAE-A23B-6263C0C48F67}.Debug|x64.Build.0 = Debug|x64
		{16CBFA37-BC40-4FAE-A23B-6263C0C48F67}.Debug|x86.ActiveCfg = Debug|Win32
		{16CBFA37-BC40-4FAE-A23B-6263C0C48F67}.Debug|x86.Build.0 = Debug|Win32
		{16CBFA37-BC40-4FAE-A23B-6263C0C48F67}.Release|x64.ActiveCfg = Release|x64
		{16CBFA37-BC40-4FAE-A23B-6263C0C48F67}.Release|x64.Build.0 = Release|x64
		{16CBFA37-BC40-4FAE-A23B-6263C0C48F67}.Release|x86.ActiveCfg = Release|Win32
		{16CBFA37-BC40-4FAE-A23B-6263C0C48F67}.Release|x86.Build.0 = Release|Win32
		{FE02081F-0342-4A39-AD0A-3416191C934F}.Debug|x64.ActiveCfg = Debug|x64
		{FE02081F-0342-4A39-AD0A-3416191C934F}.Debug|x64.Build.0 = Debug|x64
		{FE02081F-0342-4A39-AD0A-3416191C934F}.Debug|x86.ActiveCfg = Debug|Win32
		{FE02081F-0342-4A39-AD0A-3416191C934F}.Debug|x86.Build.0 = Debug|Win32
		{FE02081F-0342-4A39-AD0A-3416191C934F}.Release|x64.ActiveCfg = Release|x64
		{FE02081F-0342-4A39-AD0A-3416191C934F}.Release|x64.Build.0 = Release|x64
		{FE02081F-0342-4A39-AD0A-3416191C934F}.Release|x86.ActiveCfg = Release|Win32
		{FE02081F-0342-4A39-AD0A-3416191C934F}.Release|x86.Build.0 = Release|Win32
		{90BCF56C-BE36-46AD-A77D-140E9E6AFE6A}.Debug|x64.ActiveCfg = Debug|x64
		{90BCF56C-BE36-46AD-A77D-140E9E6AFE6A}.Debug|x64.Build.0 = Debug|x64
		{90BCF56C-BE36-46AD-A77D-140E9E6AFE6A}.Debug|x86.ActiveCfg = Debug|Win32
		{90BCF56C-BE36-46AD-A77D-140E9E6AFE6A}.Debug|x86.Build.0 = Debug|Win32
		{90BCF56C-BE36-46AD-A77D-140E9E6AFE6A}.Release|x64.ActiveCfg = Release|x64
		{90BCF56C-BE36-46AD-A77D-140E9E6AFE6A}.Release|x64.Build.0 = Release|x64
		{90BCF56C-BE36-46AD-A77D-140E9E6AFE6A}.Release|x86.ActiveCfg = Release|Win32
		{90BCF56C-BE36-46AD-A77D-140E9E6AFE6A}.Release|x86.Build.0 = Release|Win32
		{AF2AAEE5-B6C2-4EA5-B2E1-AB8F216386FB}.Debug|x64.ActiveCfg = Debug|x64
		{AF2AAEE5-B6C2-4EA5-B2E1-AB8F216386FB}.Debug|x64.Build.0 = Debug|x64
		{AF2AAEE5-B6C2-4EA5-B2E1-AB8F216386FB}.Debug|x86.ActiveCfg = Debug|Win32
		{AF2AAEE5-B6C2-4EA5-B2E1-AB8F216386FB}.Debug|x86.Build.0 = Debug|Win32
		{AF2AAEE5-B6C2-4EA5-B2E1-AB8F216386FB}.Release|x64.ActiveCfg = Release|x64
		{AF2AAEE5-B6C2-4EA5-B2E1-AB8F216386FB}.Release|x64.Build.0 = Release|x64
		{AF2AAEE5-B6C2-4EA5-B2E1-AB8F216386FB}.Release|x86.ActiveCfg = Release|Win32
		{AF2AAEE5-B6C2-4EA5-B2E1-AB8F216386FB}.Release|x86.Build.0 = Release|Win32
		{BBD5E821-5DC0-48E1-B82F-F1BC1075D804}.Debug|x64.ActiveCfg = Debug|x64
		{BBD5E821-5DC0-48E1-B82F-F1BC1075D804}.Debug|x64.Build.0 = Debug|x64
		{BBD5E821-5DC0-48E1-B82F-F1BC1075D804}.Debug|x86.ActiveCfg = Debug|Win32
		{BBD5E821-5DC0-48E1-B82F-F1BC1075D804}.Debug|x86.Build.0 = Debug|Win32
		{BBD5E821-5DC0-48E1-B82F-F1BC1075D804}.Release|x64.ActiveCfg = Release|x64
		{BBD5E821-5DC0-48E1-B82F-F1BC1075D804}.Release|x64.Build.0 = Release|x64
		{BBD5E821-5DC0-48E1-B82F-F1BC1075D804}.Release|x86.ActiveCfg = Release|Win32
		{BBD5E821-5DC0-48E1-B82F-F1BC1075D804}.Release|x86.Build.0 = Release|Win32
		{1AF5BC46-399F-4D17-A4A8-E6B3197AAFF5}.Debug|x64.ActiveCfg = Debug|x64
		{1AF5BC46-399F-4D17-A4A8-E6B3197AAFF5}.Debug|x64.Build.0 = Debug|x64
		{1AF5BC46-399F-4D17-A4A8-E6B3197AAFF5}.Debug|x86.ActiveCfg = Debug|Win32
		{1AF5BC46-399F-4D17-A4A8-E6B3197AAFF5}.Debug|x86.Build.0 = Debug|Win32
		{1AF5BC46-399F-4D17-A4A8-E6B3197AAFF5}.Release|x64.ActiveCfg = Release|x64
		{1AF5BC46-399F-4D17-A4A8-E6B3197AAFF5}.Release|x64.Build.0 = Release|x64
		{1AF5BC46-399F-4D17-A4A8-E6B3197AAFF5}.Release|x86.ActiveCfg = Release|Win32
		{1AF5BC46-399F-4D17-A4A8-E6B3197AAFF5}.Release|x86.Build.0 = Release|Win32
		{8AF60302-B686-4CDE-9B39-8EB8B9884F5E}.Debug|x64.ActiveCfg = Debug|x64
		{8AF60302-B686-4CDE-9B39-8EB8B9884F5E}.Debug|x64.Build.0 = Debug|x64
		{8AF60302-B686-4CDE-9B39-8EB8B9884F5E}.Debug|x86.ActiveCfg = Debug|Win32
		{8AF60302-B686-4CDE-9B39-8EB8B9884F5E}.Debug|x86.Build.0 = Debug|Win32
		{8AF60302-B686-4CDE-9B39-8EB8B9884F5E}.Release|x64.ActiveCfg = Release|x64
		{8AF60302-B686-4CDE-9B39-8EB8B9884F5E}.Release|x64.Build.0 = Release|x64
		{8AF60302-B686-4CDE-9B39-8EB8B9884F5E}.Release|x86.ActiveCfg = Release|Win32
		{8AF60302-B686-4CDE-9B39-8EB8B9884F5E}.Release|x86.Build.0 = Release|Win32
		{56596518-AEE8-41D9-AF0D-095E84F8BF4E}.Debug|x64.ActiveCfg = Debug|x64
		{56596518-AEE8-41D9-AF0D-095E84F8BF4E}.Debug|x64.Build.0 = Debug|x64
		{56596518-AEE8-41D9-AF0D-095E84F8BF4E}.Debug|x86.ActiveCfg = Debug|Win32
		{56596518-AEE8-41D9-AF0D-095E84F8BF4E}.Debug|x86.Build.0 = Debug|Win32
		{56596518-AEE8-41D9-AF0D-095E84F8BF4E}.Release|x64.ActiveCfg = Release|x64
		{56596518-AEE8-41D9-AF0D-095E84F8BF4E}.Release|x64.Build.0 = Release|x64
		{56596518-AEE8-41D9-AF0D-095E84F8BF4E}.Release|x86.ActiveCfg = Release|Win32
		{56596518-AEE8-41D9-AF0D-095E84F8BF4E}.Release|x86.Build.0 = Release|Win32
		{D939F204-6853-4AEF-8ED5-74D677CA4B92}.Debug|x64.ActiveCfg = Debug|x64
		{D939F204-6853-4AEF-8ED5-74D677CA4B92}.Debug|x64.Build.0 = Debug|x64
		{D939F204-6853-4AEF-8ED5-74D677CA4B92}.Debug|x86.ActiveCfg = Debug|Win32
		{D939F204-6853-4AEF-8ED5-74D677CA4B92}.Debug|x86.Build.0 = Debug|Win32
		{D939F204-6853-4AEF-8ED5-74D677CA4B92}.Release|x64.ActiveCfg = Release|x64
		{D939F204-6853-4AEF-8ED5-74D677CA4B92}.Release|x64.Build.0 = Release|x64
		{D939F204-6853-4AEF-8ED5-74D677CA4B92}.Release|x86.ActiveCfg = Release|Win32
		{D939F204-6853-4AEF-8ED5-74D677CA4B92}.Release|x86.Build.0 = Release|Win32
		{E0D24E3B-A6D2-4F10-AB1E-575071AB094A}.Debug|x64.ActiveCfg = Debug|x64
		{E0D24E3B-A6D2-4F10-AB1E-575071AB094A}.Debug|x64.Build.0 = Debug|x64
		{E0D24E3B-A6D2-4F10-AB1E-575071AB094A}.Debug|x86.ActiveCfg = Debug|Win32
		{E0D24E3B-A6D2-4F10-AB1E-575071AB094A}.Debug|x86.Build.0 = Debug|Win32
		{E0D24E3B-A6D2-4F10-AB1E-575071AB094A}.Release|x64.ActiveCfg = Release|x64
		{E0D24E3B-A6D2-4F10-AB1E-575071AB094A}.Release|x64.Build.0 = Release|x64
		{E0D24E3B-A6D2-4F10-AB1E-575071AB094A}.Release|x86.ActiveCfg = Release|Win32
		{E0D24E3B-A6D2-4F10-AB1E-575071AB094A}.Release|x86.Build.0 = Release|Win32
		{2667442D-FF85-4B52-BC5F-31597DAE6878}.Debug|x64.ActiveCfg = Debug|x64
		{2667442D-FF85-4B52-BC5F-31597DAE6878}.Debug|x64.Build.0 = Debug|x64
		{2667442D-FF85-4B52-BC5F-31597DAE6878}.Debug|x86.ActiveCfg = Debug|Win32
		{2667442D-FF85-4B52-BC5F-31597DAE6878}.Debug|x86.Build.0 = Debug|Win32
		{2667442D-FF85-4B52-BC5F-31597DAE6878}.Release|x64.ActiveCfg = Release|x64
		{2667442D-FF85-4B52-BC5F-31597DAE6878}.Release|x64.Build.0 = Release|x64
		{2667442D-FF85-4B52-BC5F-31597DAE6878}.Release|x86.ActiveCfg = Release|Win32
		{2667442D-FF85-4B52-BC5F-31597DAE6878}.Release|x86.Build.0 = Release|Win32
		{AAB42BE7-9021-44E3-B3C1-796613045D92}.Debug|x64.ActiveCfg = Debug|x64
		{AAB42BE7-9021-44E3-B3C1-796613045D92}.Debug|x64.Build.0 = Debug|x64
		{AAB42BE7-9021-44E3-B3C1-796613045D92}.Debug|x86.ActiveCfg = Debug|Win32
		{AAB42BE7-9021-44E3-B3C1-796613045D92}.Debug|x86.Build.0 = Debug|Win32
		{AAB42BE7-9021-44E3-B3C1-796613045D92}.Release|x64.ActiveCfg = Release|x64
		{AAB42BE7-9021-44E3-B3C1-796613045D92}.Release|x64.Build.0 = Release|x64
		{AAB42BE7-9021-44E3-B3C1-796613045D92}.Release|x86.ActiveCfg = Release|Win32
		{AAB42BE7-9021-44E3-B3C1-796613045D92}.Release|x86.Build.0 = Release|Win32
		{8300B790-B8F1-480E-A861-7A966A78AD3E}.Debug|x64.ActiveCfg = Debug|x64
		{8300B790-B8F1-480E-A861-7A966A78AD3E}.Debug|x64.Build.0 = Debug|x64
		{8300B790-B8F1-480E-A861-7A966A78AD3E}.Debug|x86.ActiveCfg = Debug|Win32
		{8300B790-B8F1-480E-A861-7A966A78AD3E}.Debug|x86.Build.0 = Debug|Win32
		{8300B790-B8F1-480E-A861-7A966A78AD3E}.Release|x64.ActiveCfg = Release|x64
		{8300B790-B8F1-480E-A861-7A966A78AD3E}.Release|x64.Build.0 = Release|x64
		{8300B790-B8F1-480E-A861-7A966A78AD3E}.Release|x86.ActiveCfg = Release|Win32
		{8300B790-B8F1-480E-A861-7A966A78AD3E}.Release|x86.Build.0 = Release|Win32
		{92DDB76A-73AC-49C3-AA71-9E5CBC4C22FB}.Debug|x64.ActiveCfg = Debug|x64
		{92DDB76A-73AC-49C3-AA71-9E5CBC4C22FB}.Debug|x64.Build.0 = Debug|x64
		{92DDB76A-73AC-49C3-AA71-9E5CBC4C22FB}.Debug|x86.ActiveCfg = Debug|Win32
		{92DDB76A-73AC-49C3-AA71-9E5CBC4C22FB}.Debug|x86.Build.0 = Debug|Win32
		{92DDB76A-73AC-49C3-AA71-9E5CBC4C22FB}.Release|x64.ActiveCfg = Release|x64
		{92DDB76A-73AC-49C3-AA71-9E5CBC4C22FB}.Release|x64.Build.0 = Release|x64
		{92DDB76A-73AC-49C3-AA71-9E5CBC4C22FB}.Release|x86.ActiveCfg = Release|Win32
		{92DDB76A-73AC-49C3-AA71-9E5CBC4C22FB}.Release|x86.Build.0 = Release|Win32
		{389BB49D-6022-45F5-AB40-333AB36AFC6E}.Debug|x64.ActiveCfg = Debug|x64
		{389BB49D-6022-45F5-AB40-333AB36AFC6E}.Debug|x64.Build.0 = Debug|x64
		{389BB49D-6022-45F5-AB40-333AB36AFC6E}.Debug|x86.ActiveCfg = Debug|Win32
		{389BB49D-6022-45F5-AB40-333AB36AFC6E}.Debug|x86.Build.0 = Debug|Win32
		{389BB49D-6022-45F5-AB40-333AB36AFC6E}.Release|x64.ActiveCfg = Release|x64
		{389BB49D-6022-45F5-AB40-333AB36AFC6E}.Release|x64.Build.0 = Release|x64
		{389BB49D-6022-45F5-AB40-333AB36AFC6E}.Release|x86.ActiveCfg = Release|Win32
		{389BB49D-6022-45F5-AB40-333AB36AFC6E}.Release|x86.Build.0 = Release|Win32
		{9525F059-4482-4EBE-B82F-22EF8D7B536F}.Debug|x64.ActiveCfg = Debug|x64
		{9525F059-4482-4EBE-B82F-22EF8D7B536F}.Debug|x64.Build.0 = Debug|x64
		{9525F059-4482-4EBE-B82F-22EF8D7B536F}.Debug|x86.ActiveCfg = Debug|Win32
		{9525F059-4482-4EBE-B82F-22EF8D7B536F}.Debug|x86.Build.0 = Debug|Win32
		{9525F059-4482-4EBE-B82F-22EF8D7B536F}.Release|x64.ActiveCfg = Release|x64
		{9525F059-4482-4EBE-B82F-22EF8D7B536F}.Release|x64.Build.0 = Release|x64
		{9525F059-4482-4EBE-B82F-22EF8D7B536F}.Release|x86.ActiveCfg = Release|Win32
		{9525F059-4482-4EBE-B82F-22EF8D7B536F}.Release|x86.Build.0 = Release|Win32
		{54B724C5-6FDA-4A53-9479-E36C0010A7B4}.Debug|x64.ActiveCfg = Debug|x64
		{54B724C5-6FDA-4A53-9479-E36C0010A7B4}.Debug|x64.Build.0 = Debug|x64
		{54B724C5-6FDA-4A53-9479-E36C0010A7B4}.Debug|x86.ActiveCfg = Debug|Win32
		{54B724C5-6FDA-4A53-9479-E36C0010A7B4}.Debug|x86.Build.0 = Debug|Win32
		{54B724C5-6FDA-4A53-9479-E36C0010A7B4}.Release|x64.ActiveCfg = Release|x64
		{54B724C5-6FDA-4A53-9479-E36C0010A7B4}.Release|x64.Build.0 = Release|x64
		{54B724C5-6FDA-4A53-9479-E36C0010A7B4}.Release|x86.ActiveCfg = Release|Win32
		{54B724C5-6FDA-4A53-9479-E36C0010A7B4}.Release|x86.Build.0 = Release|Win32
		{10BDC153-6980-4FA5-9470-DBE0EED70F77}.Debug|x64.ActiveCfg = Debug|x64
		{10BDC153-6980-4FA5-9470-DBE0EED70F77}.Debug|x64.Build.0 = Debug|x64
		{10BDC153-6980-4FA5-9470-DBE0EED70F77}.Debug|x86.ActiveCfg = Debug|Win32
		{10BDC153-6980-4FA5-9470-DBE0EED70F77}.Debug|x86.Build.0 = Debug|Win32
		{10BDC153-6980-4FA5-9470-DBE0EED70F77}.Release|x64.ActiveCfg = Release|x64
		{10BDC153-6980-4FA5-9470-DBE0EED70F77}.Release|x64.Build.0 = Release|x64
		{10BDC153-6980-4FA5-9470-DBE0EED70F77}.Release|x86.ActiveCfg = Release|Win32
		{10BDC153-6980-4FA5-9470-DBE0EED70F77}.Release|x86.Build.0 = Release|Win32
		{28C3A2DA-2179-4C87-9314-DE1E8A59BAB3}.Debug|x64.ActiveCfg = Debug|x64
		{28C3A2DA-2179-4C87-9314-DE1E8A59BAB3}.Debug|x64.Build.0 = Debug|x64
		{28C3A2DA-2179-4C87-9314-DE1E8A59BAB3}.Debug|x86.ActiveCfg = Debug|Win32
		{28C3A2DA-2179-4C87-9314-DE1E8A59BAB3}.Debug|x86.Build.0 = Debug|Win32
		{28C3A2DA-2179-4C87-9314-DE1E8A59BAB3}.Release|x64.ActiveCfg = Release|x64
		{28C3A2DA-2179-4C87-9314-DE1E8A59BAB3}.Release|x64.Build.0 = Release|x64
		{28C3A2DA-2179-4C87-9314-DE1E8A59BAB3}.Release|x86.ActiveCfg = Release|Win32
		{28C3A2DA-2179-4C87-9314-DE1E8A59BAB3}.Release|x86.Build.0 = Release|Win32
		{61076684-37F2-40D9-9D1D-8E41C6AE1DBC}.Debug|x64.ActiveCfg = Debug|x64
		{61076684-37F2-40D9-9D1D-8E41C6AE1DBC}.Debug|x64.Build.0 = Debug|x64
		{61076684-37F2-40D9-9D1D-8E41C6AE1DBC}.Debug|x86.ActiveCfg = Debug|Win32
		{61076684-37F2-40D9-9D1D-8E41C6AE1DBC}.Debug|x86.Build.0 = Debug|Win32
		{61076684-37F2-40D9-9D1D-8E41C6AE1DBC}.Release|x64.ActiveCfg = Release|x64
		{61076684-37F2-40D9-9D1D-8E41C6AE1DBC}.Release|x64.Build.0 = Release|x64
		{61076684-37F2-40D9-9D1D-8E41C6AE1DBC}.Release|x86.ActiveCfg = Release|Win32
		{61076684-37F2-40D9-9D1D-8E41C6AE1DBC}.Release|x86.Build.0 = Release|Win32
		{EBBB4D3D-C2C6-4517-98BE-E521EEBC8285}.Debug|x64.ActiveCfg = Debug|x64
		{EBBB4D3D-C2C6-4517-98BE-E521EEBC8285}.Debug|x64.Build.0 = Debug|x64
		{EBBB4D3D-C2C6-4517-98BE-E521EEBC8285}.Debug|x86.ActiveCfg = Debug|Win32
		{EBBB4D3D-C2C6-4517-98BE-E521EEBC8285}.Debug|x86.Build.0 = Debug|Win32
		{EBBB4D3D-C2C6-4517-98BE-E521EEBC8285}.Release|x64.ActiveCfg = Release|x64
		{EBBB4D3D-C2C6-4517-98BE-E521EEBC8285}.Release|x64.Build.0 = Release|x64
		{EBBB4D3D-C2C6-4517-98BE-E521EEBC8285}.Release|x86.ActiveCfg = Release|Win32
		{EBBB4D3D-C2C6-4517-98BE-E521EEBC8285}.Release|x86.Build.0 = Release|Win32
		{1774DA64-C7C2-485E-B4F3-58722F6C4D49}.Debug|x64.ActiveCfg = Debug|x64
		{1774DA64-C7C2-485E-B4F3-58722F6C4D49}.Debug|x64.Build.0 = Debug|x64
		{1774DA64-C7C2-485E-B4F3-58722F6C4D49}.Debug|x86.ActiveCfg = Debug|Win32
		{1774DA64-C7C2-485E-B4F3-58722F6C4D49}.Debug|x86.Build.0 = Debug|Win32
		{1774DA64-C7C2-485E-B4F3-58722F6C4D49}.Release|x64.ActiveCfg = Release|x64
		{1774DA64-C7C2-485E-B4F3-58722F6C4D49}.Release|x64.Build.0 = Release|x64
		{1774DA64-C7C2-485E-B4F3-58722F6C4D49}.Release|x86.ActiveCfg = Release|Win32
		{1774DA64-C7C2-485E-B4F3-58722F6C4D49}.Release|x86.Build.0 = Release|Win32
		{D6B3D008-0D16-4D35-8958-96231E897923}.Debug|x64.ActiveCfg = Debug|x64
		{D6B3D008-0D16-4D35-8958-96231E897923}.Debug|x64.Build.0 = Debug|x64
		{D6B3D008-0D16-4D35-8958-96231E897923}.Debug|x86.ActiveCfg = Debug|Win32
		{D6B3D008-0D16-4D35-8958-96231E897923}.Debug|x86.Build.0 = Debug|Win32
		{D6B3D008-0D16-4D35-8958-96231E897923}.Release|x64.ActiveCfg = Release|x64
		{D6B3D008-0D16-4D35-8958-96231E897923}.Release|x64.Build.0 = Release|x64
		{D6B3D008-0D16-4D35-8958-96231E897923}.Release|x86.ActiveCfg = Release|Win32
		{D6B3D008-0D16-4D35-8958-96231E897923}.Release|x86.Build.0 = Release|Win32
		{DE9DDD2E-4712-43A2-83B8-428EC9A43339}.Debug|x64.ActiveCfg = Debug|x64
		{DE9DDD2E-4712-43A2-83B8-428EC9A43339}.Debug|x64.Build.0 = Debug|x64
		{DE9DDD2E-4712-43A2-83B8-428EC9A43339}.Debug|x86.ActiveCfg = Debug|Win32
		{DE9DDD2E-4712-43A2-83B8-428EC9A43339}.Debug|x86.Build.0 = Debug|Win32
		{DE9DDD2E-4712-43A2-83B8-428EC9A43339}.Release|x64.ActiveCfg = Release|x64
		{DE9DDD2E-4712-43A2-83B8-428EC9A43339}.Release|x64.Build.0 = Release|x64
		{DE9DDD2E-4712-43A2-83B8-428EC9A43339}.Release|x86.ActiveCfg = Release|Win32
		{DE9DDD2E-4712-43A2-83B8-428EC9A43339}.Release|x86.Build.0 = Release|Win32
		{1594DDC0-136E-4778-BB22-162B14502DF6}.Debug|x64.ActiveCfg = Debug|x64
		{1594DDC0-136E-4778-BB22-162B14502DF6}.Debug|x64.Build.0 = Debug|x64
		{1594DDC0-136E-4778-BB22-162B14502DF6}.Debug|x86.ActiveCfg = Debug|Win32
		{1594DDC0-136E-4778-BB22-162B14502DF6}.Debug|x86.Build.0 = Debug|Win32
		{1594DDC0-136E-4778-BB22-162B14502DF6}.Release|x64.ActiveCfg = Release|x64
		{1594DDC0-136E-4778-BB22-162B14502DF6}.Release|x64.Build.0 = Release|x64
		{1594DDC0-136E-4778-BB22-162B14502DF6}.Release|x86.ActiveCfg = Release|Win32
		{1594DDC0-136E-4778-BB22-162B14502DF6}.Release|x86.Build.0 = Release|Win32
		{B030A1C4-7DCF-47B4-B641-2B119F7260C0}.Debug|x64.ActiveCfg = Debug|x64
		{B030A1C4-7DCF-47B4-B641-2B119F7260C0}.Debug|x64.Build.0 = Debug|x64
		{B030A1C4-7DCF-47B4-B641-2B119F7260C0}.Debug|x86.ActiveCfg = Debug|Win32
		{B030A1C4-7DCF-47B4-B641-2B119F7260C0}.Debug|x86.Build.0 = Debug|Win32
		{B030A1C4-7DCF-47B4-B641-2B119F7260C0}.Release|x64.ActiveCfg = Release|x64
		{B030A1C4-7DCF-47B4-B641-2B119F7260C0}.Release|x64.Build.0 = Release|x64
		{B030A1C4-7DCF-47B4-B641-2B119F7260C0}.Release|x86.ActiveCfg = Release|Win32
		{B030A1C4-7DCF-47B4-B641-2B119F7260C0}.Release|x86.Build.0 = Release|Win32
		{AB980D4A-E433-4A63-B286-F31D117B7039}.Debug|x64.ActiveCfg = Debug|x64
		{AB980D4A-E433-4A63-B286-F31D117B7039}.Debug|x64.Build.0 = Debug|x64
		{AB980D4A-E433-4A63-B286-F31D117B7039}.Debug|x86.ActiveCfg = Debug|Win32
		{AB980D4A-E433-4A63-B286-F31D117B7039}.Debug|x86.Build.0 = Debug|Win32
		{AB980D4A-E433-4A63-B286-F31D117B7039}.Release|x64.ActiveCfg = Release|x64
		{AB980D4A-E433-4A63-B286-F31D117B7039}.Release|x64.Build.0 = Release|x64
		{AB980D4A-E433-4A63-B286-F31D117B7039}.Release|x86.ActiveCfg = Release|Win32
		{AB980D4A-E433-4A63-B286-F31D117B7039}.Release|x86.Build.0 = Release|Win32
		{385321EB-F6AD-4F32-83F4-C3B280660714}.Debug|x64.ActiveCfg = Debug|x64
		{385321EB-F6AD-4F32-83F4-C3B280660714}.Debug|x64.Build.0 = Debug|x64
		{385321EB-F6AD-4F32-83F4-C3B280660714}.Debug|x86.ActiveCfg = Debug|Win32
		{385321EB-F6AD-4F32-83F4-C3B280660714}.Debug|x86.Build.0 = Debug|Win32
		{385321EB-F6AD-4F32-83F4-C3B280660714}.Release|x64.ActiveCfg = Release|x64
		{385321EB-F6AD-4F32-83F4-C3B280660714}.Release|x64.Build.0 = Release|x64
		{385321EB-F6AD-4F32-83F4-C3B280660714}.Release|x86.ActiveCfg = Release|Win32
		{385321EB-F6AD-4F32-83F4-C3B280660714}.Release|x86.Build.0 = Release|Win32
		{49E4E8E6-DAAF-4044-AF01-ABF195981D7A}.Debug|x64.ActiveCfg = Debug|x64
		{49E4E8E6-DAAF-4044-AF01-ABF195981D7A}.Debug|x64.Build.0 = Debug|x64
		{49E4E8E6-DAAF-4044-AF01-ABF195981D7A}.Debug|x86.ActiveCfg = Debug|Win32
		{49E4E8E6-DAAF-4044-AF01-ABF195981D7A}.Debug|x86.Build.0 = Debug|Win32
		{49E4E8E6-DAAF-4044-AF01-ABF195981D7A}.Release|x64.ActiveCfg = Release|x64
		{49E4E8E6-DAAF-4044-AF01-ABF195981D7A}.Release|x64.Build.0 = Release|x64
		{49E4E8E6-DAAF-4044-AF01-ABF195981D7A}.Release|x86.ActiveCfg = Release|Win32
		{49E4E8E6-DAAF-4044-AF01-ABF195981D7A}.Release|x86.Build.0 = Release|Win32
		{68AED826-C098-40CA-8E73-73D536860DE6}.Debug|x64.ActiveCfg = Debug|x64
		{68AED826-C098-40CA-8E73-73D536860DE6}.Debug|x64.Build.0 = Debug|x64
		{68AED826-C098-40CA-8E73-73D536860DE6}.Debug|x86.ActiveCfg = Debug|Win32
		{68AED826-C098-40CA-8E73-73D536860DE6}.Debug|x86.Build.0 = Debug|Win32
		{68AED826-C098-40CA-8E73-73D536860DE6}.Release|x64.ActiveCfg = Release|x64
		{68AED826-C098-40CA-8E73-73D536860DE6}.Release|x64.Build.0 = Release|x64
		{68AED826-C098-40CA-8E73-73D536860DE6}.Release|x86.ActiveCfg = Release|Win32
		{68AED826-C098-40CA-8E73-73D536860DE6}.Release|x86.Build.0 = Release|Win32
		{FEAD75EE-DA97-4160-A1E4-586F1AFF6A6C}.Debug|x64.ActiveCfg = Debug|x64
		{FEAD75EE-DA97-4160-A1E4-586F1AFF6A6C}.Debug|x64.Build.0 = Debug|x64
		{FEAD75EE-DA97-4160-A1E4-586F1AFF6A6C}.Debug|x86.ActiveCfg = Debug|Win32
		{FEAD75EE-DA97-4160-A1E4-586F1AFF6A6C}.Debug|x86.Build.0 = Debug|Win32
		{FEAD75EE-DA97-4160-A1E4-586F1AFF6A6C}.Release|x64.ActiveCfg = Release|x64
		{FEAD75EE-DA97-4160-A1E4-586F1AFF6A6C}.Release|x64.Build.0 = Release|x64
		{FEAD75EE-DA97-4160-A1E4-586F1AFF6A6C}.Release|x86.ActiveCfg = Release|Win32
		{FEAD75EE-DA97-4160-A1E4-586F1AFF6A6C}.Release|x86.Build.0 = Release|Win32
		{6AA333EA-D949-44BF-82D7-12F8B1314334}.Debug|x64.ActiveCfg = Debug|x64
		{6AA333EA-D949-44BF-82D7-12F8B1314334}.Debug|x64.Build.0 = Debug|x64
		{6AA333EA-D949-44BF-82D7-12F8B1314334}.Debug|x86.ActiveCfg = Debug|Win32
		{6AA333EA-D949-44BF-82D7-12F8B1314334}.Debug|x86.Build.0 = Debug|Win32
		{6AA333EA-D949-44BF-82D7-12F8B1314334}.Release|x64.ActiveCfg = Release|x64
		{6AA333EA-D949-44BF-82D7-12F8B1314334}.Release|x64.Build.0 = Release|x64
		{6AA333EA-D949-44BF-82D7-12F8B1314334}.Release|x86.ActiveCfg = Release|Win32
		{6AA333EA-D949-44BF-82D7-12F8B1314334}.Release|x86.Build.0 = Release|Win32
		{8D7FAB88-58E8-42D7-A089-2BAD9750F358}.Debug|x64.ActiveCfg = Debug|x64
		{8D7FAB88-58E8-42D7-A089-2BAD9750F358}.Debug|x64.Build.0 = Debug|x64
		{8D7FAB88-58E8-42D7-A089-2BAD9750F358}.Debug|x86.ActiveCfg = Debug|Win32
		{8D7FAB88-58E8-42D7-A089-2BAD9750F358}.Debug|x86.Build.0 = Debug|Win32
		{8D7FAB88-58E8-42D7-A089-2BAD9750F358}.Release|x64.ActiveCfg = Release|x64
		{8D7FAB88-58E8-42D7-A089-2BAD9750F358}.Release|x64.Build.0 = Release|x64
		{8D7FAB88-58E8-42D7-A089-2BAD9750F358}.Release|x86.ActiveCfg = Release|Win32
		{8D7FAB88-58E8-42D7-A089-2BAD9750F358}.Release|x86.Build.0 = Release|Win32
		{09EB7D6C-8279-4397-A440-1E9961B9296B}.Debug|x64.ActiveCfg = Debug|x64
		{09EB7D6C-8279-4397-A440-1E9961B9296B}.Debug|x64.Build.0 = Debug|x64
		{09EB7D6C-8279-4397-A440-1E9961B9296B}.Debug|x86.ActiveCfg = Debug|Win32
		{09EB7D6C-8279-4397-A440-1E9961B9296B}.Debug|x86.Build.0 = Debug|Win32
		{09EB7D6C-8279-4397-A440-1E9961B9296B}.Release|x64.ActiveCfg = Release|x64
		{09EB7D6C-8279-4397-A440-1E9961B9296B}.Release|x64.Build.0 = Release|x64
		{09EB7D6C-8279-4397-A440-1E9961B9296B}.Release|x86.ActiveCfg = Release|Win32
		{09EB7D6C-8279-4397-A440-1E9961B9296B}.Release|x86.Build.0 = Release|Win32
		{91536A08-0D06-4655-A7EA-AC9183E2F369}.Debug|x64.ActiveCfg = Debug|x64
		{91536A08-0D06-4655-A7EA-AC9183E2F369}.Debug|x64.Build.0 = Debug|x64
		{91536A08-0D06-4655-A7EA-AC9183E2F369}.Debug|x86.ActiveCfg = Debug|Win32
		{91536A08-0D06-4655-A7EA-AC9183E2F369}.Debug|x86.Build.0 = Debug|Win32
		{91536A08-0D06-4655-A7EA-AC9183E2F369}.Release|x64.ActiveCfg = Release|x64
		{91536A08-0D06-4655-A7EA-AC9183E2F369}.Release|x64.Build.0 = Release|x64
		{91536A08-0D06-4655-A7EA-AC9183E2F369}.Release|x86.ActiveCfg = Release|Win32
		{91536A08-0D06-4655-A7EA-AC9183E2F369}.Release|x86.Build.0 = Release|Win32
		{0037CE07-84AB-4582-9ADA-9657AF12955C}.Debug|x64.ActiveCfg = Debug|x64
		{0037CE07-84AB-4582-9ADA-9657AF12955C}.Debug|x64.Build.0 = Debug|x64
		{0037CE07-84AB-4582-9ADA-9657AF12955C}.Debug|x86.ActiveCfg = Debug|Win32
		{0037CE07-84AB-4582-9ADA-9657AF12955C}.Debug|x86.Build.0 = Debug|Win32
		{0037CE07-84AB-4582-9ADA-9657AF12955C}.Release|x64.ActiveCfg = Release|x64
		{0037CE07-84AB-4582-9ADA-9657AF12955C}.Release|x64.Build.0 = Release|x64
		{0037CE07-84AB-4582-9ADA-9657AF12955C}.Release|x86.ActiveCfg = Release|Win32
		{0037CE07-84AB-4582-9ADA-9657AF12955C}.Release|x86.Build.0 = Release|Win32
		{D6C15D1C-14E0-4E69-9AFB-25A140D4518D}.Debug|x64.ActiveCfg = Debug|x64
		{D6C15D1C-14E0-4E69-9AFB-25A140D4518D}.Debug|x64.Build.0 = Debug|x64
		{D6C15D1C-14E0-4E69-9AFB-25A140D4518D}.Debug|x86.ActiveCfg = Debug|Win32
		{D6C15D1C-14E0-4E69-9AFB-25A140D4518D}.Debug|x86.Build.0 = Debug|Win32
		{D6C15D1C-14E0-4E69-9AFB-25A140D4518D}.Release|x64.ActiveCfg = Release|x64
		{D6C15D1C-14E0-4E69-9AFB-25A140D4518D}.Release|x64.Build.0 = Release|x64
		{D6C15D1C-14E0-4E69-9AFB-25A140D4518D}.Release|x86.ActiveCfg = Release|Win32
		{D6C15D1C-14E0-4E69-9AFB-25A140D4518D}.Release|x86.Build.0 = Release|Win32
		{CAC44728-E6CE-41FE-B954-F941EF73FAD4}.Debug|x64.ActiveCfg = Debug|x64
		{CAC44728-E6CE-41FE-B954-F941EF73FAD4}.Debug|x64.Build.0 = Debug|x64
		{CAC44728-E6CE-41FE-B954-F941EF73FAD4}.Debug|x86.ActiveCfg = Debug|Win32
		{CAC44728-E6CE-41FE-B954-F941EF73FAD4}.Debug|x86.Build.0 = Debug|Win32
		{CAC44728-E6CE-41FE-B954-F941EF73FAD4}.Release|x64.ActiveCfg = Release|x64
		{CAC44728-E6CE-41FE-B954-F941EF73FAD4}.Release|x64.Build.0 = Release|x64
		{CAC44728-E6CE-41FE-B954-F941EF73FAD4}.Release|x86.ActiveCfg = Release|Win32
		{CAC44728-E6CE-41FE-B954-F941EF73FAD4}.Release|x86.Build.0 = Release|Win32
		{D3198ACD-9899-48F8-92D2-39E7A7054F89}.Debug|x64.ActiveCfg = Debug|x64
		{D3198ACD-9899-48F8-92D2-39E7A7054F89}.Debug|x64.Build.0 = Debug|x64
		{D3198ACD-9899-48F8-92D2-39E7A7054F89}.Debug|x86.ActiveCfg = Debug|Win32
		{D3198ACD-9899-48F8-92D2-39E7A7054F89}.Debug|x86.Build.0 = Debug|Win32
		{D3198ACD-9899-48F8-92D2-39E7A7054F89}.Release|x64.ActiveCfg = Release|x64
		{D3198ACD-9899-48F8-92D2-39E7A7054F89}.Release|x64.Build.0 = Release|x64
		{D3198ACD-9899-48F8-92D2-39E7A7054F89}.Release|x86.ActiveCfg = Release|Win32
		{D3198ACD-9899-48F8-92D2-39E7A7054F89}.Release|x86.Build.0 = Release|Win32
		{31B55CED-D515-4E5B-AB0B-FB1253D9B3B2}.Debug|x64.ActiveCfg = Debug|x64
		{31B55CED-D515-4E5B-AB0B-FB1253D9B3B2}.Debug|x64.Build.0 = Debug|x64
		{31B55CED-D515-4E5B-AB0B-FB1253D9B3B2}.Debug|x86.ActiveCfg = Debug|Win32
		{31B55CED-D515-4E5B-AB0B-FB1253D9B3B2}.Debug|x86.Build.0 = Debug|Win32
		{31B55CED-D515-4E5B-AB0B-FB1253D9B3B2}.Release|x64.ActiveCfg = Release|x64
		{31B55CED-D515-4E5B-AB0B-FB1253D9B3B2}.Release|x64.Build.0 = Release|x64
		{31B55CED-D515-4E5B-AB0B-FB1253D9B3B2}.Release|x86.ActiveCfg = Release|Win32
		{31B55CED-D515-4E5B-AB0B-FB1253D9B3B2}.Release|x86.Build.0 = Release|Win32
		{7F92B27E-C934-4532-A0F2-6C9EE8AF3055}.Debug|x64.ActiveCfg = Debug|x64
		{7F92B27E-C934-4532-A0F2-6C9EE8AF3055}.Debug|x64.Build.0 = Debug|x64
		{7F92B27E-C934-4532-A0F2-6C9EE8AF3055}.Debug|x86.ActiveCfg = Debug|Win32
		{7F92B27E-C934-4532-A0F2-6C9EE8AF3055}.Debug|x86.Build.0 = Debug|Win32
		{7F92B27E-C934-4532-A0F2-6C9EE8AF3055}.Release|x64.ActiveCfg = Release|x64
		{7F92B27E-C934-4532-A0F2-6C9EE8AF3055}.Release|x64.Build.0 = Release|x64
		{7F92B27E-C934-4532-A0F2-6C9EE8AF3055}.Release|x86.ActiveCfg = Release|Win32
		{7F92B27E-C934-4532-A0F2-6C9EE8AF3055}.Release|x86.Build.0 = Release|Win32
		{3578F204-BC04-4522-BDE3-1A23FB340C1B}.Debug|x64.ActiveCfg = Debug|x64
		{3578F204-BC04-4522-BDE3-1A23FB340C1B}.Debug|x64.Build.0 = Debug|x64
		{3578F204-BC04-4522-BDE3-1A23FB340C1B}.Debug|x86.ActiveCfg = Debug|Win32
		{3578F204-BC04-4522-BDE3-1A23FB340C1B}.Debug|x86.Build.0 = Debug|Win32
		{3578F204-BC04-4522-BDE3-1A23FB340C1B}.Release|x64.ActiveCfg = Release|x64
		{3578F204-BC04-4522-BDE3-1A23FB340C1B}.Release|x64.Build.0 = Release|x64
		{3578F204-BC04-4522-BDE3-1A23FB340C1B}.Release|x86.ActiveCfg = Release|Win32
		{3578F204-BC04-4522-BDE3-1A23FB340C1B}.Release|x86.Build.0 = Release|Win32
		{AE2E1CF2-8CA7-4ED8-95D8-0F636D3BD3F9}.Debug|x64.ActiveCfg = Debug|x64
		{AE2E1CF2-8CA7-4ED8-95D8-0F636D3BD3F9}.Debug|x64.Build.0 = Debug|x64
		{AE2E1CF2-8CA7-4ED8-95D8-0F636D3BD3F9}.Debug|x86.ActiveCfg = Debug|Win32
		{AE2E1CF2-8CA7-4ED8-95D8-0F636D3BD3F9}.Debug|x86.Build.0 = Debug|Win32
		{AE2E1CF2-8CA7-4ED8-95D8-0F636D3BD3F9}.Release|x64.ActiveCfg = Release|x64
		{AE2E1CF2-8CA7-4ED8-95D8-0F636D3BD3F9}.Release|x64.Build.0 = Release|x64
		{AE2E1CF2-8CA7-4ED8-95D8-0F636D3BD3F9}.Release|x86.ActiveCfg = Release|Win32
		{AE2E1CF2-8CA7-4ED8-95D8-0F636D3BD3F9}.Release|x86.Build.0 = Release|Win32
		{9BD6F7B4-2F4F-4EA3-B0C3-77ED0F30C9BB}.Debug|x64.ActiveCfg = Debug|x64
		{9BD6F7B4-2F4F-4EA3-B0C3-77ED0F30C9BB}.Debug|x64.Build.0 = Debug|x64
		{9BD6F7B4-2F4F-4EA3-B0C3-77ED0F30C9BB}.Debug|x86.ActiveCfg = Debug|Win32
		{9BD6F7B4-2F4F-4EA3-B0C3-77ED0F30C9BB}.Debug|x86.Build.0 = Debug|Win32
		{9BD6F7B4-2F4F-4EA3-B0C3-77ED0F30C9BB}.Release|x64.ActiveCfg = Release|x64
		{9BD6F7B4-2F4F-4EA3-B0C3-77ED0F30C9BB}.Release|x64.Build.0 = Release|x64
		{9BD6F7B4-2F4F-4EA3-B0C3-77ED0F30C9BB}.Release|x86.ActiveCfg = Release|Win32
		{9BD6F7B4-2F4F-4EA3-B0C3-77ED0F30C9BB}.Release|x86.Build.0 = Release|Win32
		{36EA625C-B343-42A5-890C-02FC96243A09}.Debug|x64.ActiveCfg = Debug|x64
		{36EA625C-B343-42A5-890C-02FC96243A09}.Debug|x64.Build.0 = Debug|x64
		{36EA625C-B343-42A5-890C-02FC96243A09}.Debug|x86.ActiveCfg = Debug|Win32
		{36EA625C-B343-42A5-890C-02FC96243A09}.Debug|x86.Build.0 = Debug|Win32
		{36EA625C-B343-42A5-890C-02FC96243A09}.Release|x64.ActiveCfg = Release|x64
		{36EA625C-B343-42A5-890C-02FC96243A09}.Release|x64.Build.0 = Release|x64
		{36EA625C-B343-42A5-890C-02FC96243A09}.Release|x86.ActiveCfg = Release|Win32
		{36EA625C-B343-42A5-890C-02FC96243A09}.Release|x86.Build.0 = Release|Win32
		{67DE3FA0-5124-4F73-B0D9-5BC371DD2147}.Debug|x64.ActiveCfg = Debug|x64
		{67DE3FA0-5124-4F73-B0D9-5BC371DD2147}.Debug|x64.Build.0 = Debug|x64
		{67DE3FA0-5124-4F73-B0D9-5BC371DD2147}.Debug|x86.ActiveCfg = Debug|Win32
		{67DE3FA0-5124-4F73-B0D9-5BC371DD2147}.Debug|x86.Build.0 = Debug|Win32
		{67DE3FA0-5124-4F73-B0D9-5BC371DD2147}.Release|x64.ActiveCfg = Release|x64
		{67DE3FA0-5124-4F73-B0D9-5BC371DD2147}.Release|x64.Build.0 = Release|x64
		{67DE3FA0-5124-4F73-B0D9-5BC371DD2147}.Release|x86.ActiveCfg = Release|Win32
		{67DE3FA0-5124-4F73-B0D9-5BC371DD2147}.Release|x86.Build.0 = Release|Win32
		{9F987C54-7833-46C9-BADD-E2D3BCD9FE73}.Debug|x64.ActiveCfg = Debug|x64
		{9F987C54-7833-46C9-BADD-E2D3BCD9FE73}.Debug|x64.Build.0 = Debug|x64
		{9F987C54-7833-46C9-BADD-E2D3BCD9FE73}.Debug|x86.ActiveCfg = Debug|Win32
		{9F987C54-7833-46C9-BADD-E2D3BCD9FE73}.Debug|x86.Build.0 = Debug|Win32
		{9F987C54-7833-46C9-BADD-E2D3BCD9FE73}.Release|x64.ActiveCfg = Release|x64
		{9F987C54-7833-46C9-BADD-E2D3BCD9FE73}.Release|x64.Build.0 = Release|x64
		{9F987C54-7833-46C9-BADD-E2D3BCD9FE73}.Release|x86.ActiveCfg = Release|Win32
		{9F987C54-7833-46C9-BADD-E2D3BCD9FE73}.Release|x86.Build.0 = Release|Win32
		{119843FF-D90E-44F0-A2D3-79CAA4EB0445}.Debug|x64.ActiveCfg = Debug|x64
		{119843FF-D90E-44F0-A2D3-79CAA4EB0445}.Debug|x64.Build.0 = Debug|x64
		{119843FF-D90E-44F0-A2D3-79CAA4EB0445}.Debug|x86.ActiveCfg = Debug|Win32
		{119843FF-D90E-44F0-A2D3-79CAA4EB0445}.Debug|x86.Build.0 = Debug|Win32
		{119843FF-D90E-44F0-A2D3-79CAA4EB0445}.Release|x64.ActiveCfg = Release|x64
		{119843FF-D90E-44F0-A2D3-79CAA4EB0445}.Release|x64.Build.0 = Release|x64
		{119843FF-D90E-44F0-A2D3-79CAA4EB0445}.Release|x86.ActiveCfg = Release|Win32
		{119843FF-D90E-44F0-A2D3-79CAA4EB0445}.Release|x86.Build.0 = Release|Win32
		{B9878AD4-264A-4B40-88F1-18605B641D58}.Debug|x64.ActiveCfg = Debug|x64
		{B9878AD4-264A-4B40-88F1-18605B641D58}.Debug|x64.Build.0 = Debug|x64
		{B9878AD4-264A-4B40-88F1-18605B641D58}.Debug|x86.ActiveCfg = Debug|Win32
		{B9878AD4-264A-4B40-88F1-18605B641D58}.Debug|x86.Build.0 = Debug|Win32
		{B9878AD4-264A-4B40-88F1-18605B641D58}.Release|x64.ActiveCfg = Release|x64
		{B9878AD4-264A-4B40-88F1-18605B641D58}.Release|x64.Build.0 = Release|x64
		{B9878AD4-264A-4B40-88F1-18605B641D58}.Release|x86.ActiveCfg = Release|Win32
		{B9878AD4-264A-4B40-88F1-18605B641D58}.Release|x86.Build.0 = Release|Win32
		{AC7AFC27-558E-4178-B764-681A4409776F}.Debug|x64.ActiveCfg = Debug|x64
		{AC7AFC27-558E-4178-B764-681A4409776F}.Debug|x64.Build.0 = Debug|x64
		{AC7AFC27-558E-4178-B764-681A4409776F}.Debug|x86.ActiveCfg = Debug|Win32
		{AC7AFC27-558E-4178-B764-681A4409776F}.Debug|x86.Build.0 = Debug|Win32
		{AC7AFC27-558E-4178-B764-681A4409776F}.Release|x64.ActiveCfg = Release|x64
		{AC7AFC27-558E-4178-B764-681A4409776F}.Release|x64.Build.0 = Release|x64
		{AC7AFC27-558E-4178-B764-681A4409776F}.Release|x86.ActiveCfg = Release|Win32
		{AC7AFC27-558E-4178-B764-681A4409776F}.Release|x86.Build.0 = Release|Win32
		{9C175304-546C-4BB6-A4C5-312C93BA982B}.Debug|x64.ActiveCfg = Debug|x64
		{9C175304-546C-4BB6-A4C5-312C93BA982B}.Debug|x64.Build.0 = Debug|x64
		{9C175304-546C-4BB6-A4C5-312C93BA982B}.Debug|x86.ActiveCfg = Debug|Win32
		{9C175304-546C-4BB6-A4C5-312C93BA982B}.Debug|x86.Build.0 = Debug|Win32
		{9C175304-546C-4BB6-A4C5-312C93BA982B}.Release|x64.ActiveCfg = Release|x64
		{9C175304-546C-4BB6-A4C5-312C93BA982B}.Release|x64.Build.0 = Release|x64
		{9C175304-546C-4BB6-A4C5-312C93BA982B}.Release|x86.ActiveCfg = Release|Win32
		{9C175304-546C-4BB6-A4C5-312C93BA982B}.Release|x86.Build.0 = Release|Win32
		{E44FA674-A0C5-48C4-B9F3-54D1C281AD0A}.Debug|x64.ActiveCfg = Debug|x64
		{E44FA674-A0C5-48C4-B9F3-54D1C281AD0A}.Debug|x64.Build.0 = Debug|x64
		{E44FA674-A0C5-48C4-B9F3-54D1C281AD0A}.Debug|x86.ActiveCfg = Debug|Win32
		{E44FA674-A0C5-48C4-B9F3-54D1C281AD0A}.Debug|x86.Build.0 = Debug|Win32
		{E44FA674-A0C5-48C4-B9F3-54D1C281AD0A}.Release|x64.ActiveCfg = Release|x64
		{E44FA674-A0C5-48C4-B9F3-54D1C281AD0A}.Release|x64.Build.0 = Release|x64
		{E44FA674-A0C5-48C4-B9F3-54D1C281AD0A}.Release|x86.ActiveCfg = Release|Win32
		{E44FA674-A0C5-48C4-B9F3-54D1C281AD0A}.Release|x86.Build.0 = Release|Win32
		{2F5F234E-3B2D-43C0-A7FB-B1AF5E1BE069}.Debug|x64.ActiveCfg = Debug|x64
		{2F5F234E-3B2D-43C0-A7FB-B1AF5E1BE069}.Debug|x64.Build.0 = Debug|x64
		{2F5F234E-3B2D-43C0-A7FB-B1AF5E1BE069}.Debug|x86.ActiveCfg = Debug|Win32
		{2F5F234E-3B2D-43C0-A7FB-B1AF5E1BE069}.Debug|x86.Build.0 = Debug|Win32
		{2F5F234E-3B2D-43C0-A7FB-B1AF5E1BE069}.Release|x64.ActiveCfg = Release|x64
		{2F5F234E-3B2D-43C0-A7FB-B1AF5E1BE069}.Release|x64.Build.0 = Release|x64
		{2F5F234E-3B2D-43C0-A7FB-B1AF5E1BE069}.Release|x86.ActiveCfg = Release|Win32
		{2F5F234E-3B2D-43C0-A7FB-B1AF5E1BE069}.Release|x86.Build.0 = Release|Win32
		{318F9CB5-AEFD-4F9A-B1D2-9FFC6C1013DC}.Debug|x64.ActiveCfg = Debug|x64
		{318F9CB5-AEFD-4F9A-B1D2-9FFC6C1013DC}.Debug|x64.Build.0 = Debug|x64
		{318F9CB5-AEFD-4F9A-B1D2-9FFC6C1013DC}.Debug|x86.ActiveCfg = Debug|Win32
		{318F9CB5-AEFD-4F9A-B1D2-9FFC6C1013DC}.Debug|x86.Build.0 = Debug|Win32
		{318F9CB5-AEFD-4F9A-B1D2-9FFC6C1013DC}.Release|x64.ActiveCfg = Release|x64
		{318F9CB5-AEFD-4F9A-B1D2-9FFC6C1013DC}.Release|x64.Build.0 = Release|x64
		{318F9CB5-AEFD-4F9A-B1D2-9FFC6C1013DC}.Release|x86.ActiveCfg = Release|Win32
		{318F9CB5-AEFD-4F9A-B1D2-9FFC6C1013DC}.Release|x86.Build.0 = Release|Win32
		{C8C014C2-D073-4368-AA2D-F4253A263175}.Debug|x64.ActiveCfg = Debug|x64
		{C8C014C2-D073-4368-AA2D-F4253A263175}.Debug|x64.Build.0 = Debug|x64
		{C8C014C2-D073-4368-AA2D-F4253A263175}.Debug|x86.ActiveCfg = Debug|Win32
		{C8C014C2-D073-4368-AA2D-F4253A263175}.Debug|x86.Build.0 = Debug|Win32
		{C8C014C2-D073-4368-AA2D-F4253A263175}.Release|x64.ActiveCfg = Release|x64
		{C8C014C2-D073-4368-AA2D-F4253A263175}.Release|x64.Build.0 = Release|x64
		{C8C014C2-D073-4368-AA2D-F4253A263175}.Release|x86.ActiveCfg = Release|Win32
		{C8C014C2-D073-4368-AA2D-F4253A263175}.Release|x86.Build.0 = Release|Win32
		{2BC08E98-6BF5-41C6-9F52-62FB30BA059F}.Debug|x64.ActiveCfg = Debug|x64
		{2BC08E98-6BF5-41C6-9F52-62FB30BA059F}.Debug|x64.Build.0 = Debug|x64
		{2BC08E98-6BF5-41C6-9F52-62FB30BA059F}.Debug|x86.ActiveCfg = Debug|Win32
		{2BC08E98-6BF5-41C6-9F52-62FB30BA059F}.Debug|x86.Build.0 = Debug|Win32
		{2BC08E98-6BF5-41C6-9F52-62FB30BA059F}.Release|x64.ActiveCfg = Release|x64
		{2BC08E98-6BF5-41C6-9F52-62FB30BA059F}.Release|x64.Build.0 = Release|x64
		{2BC08E98-6BF5-41C6-9F52-62FB30BA059F}.Release|x86.ActiveCfg = Release|Win32
		{2BC08E98-6BF5-41C6-9F52-62FB30BA059F}.Release|x86.Build.0 = Release|Win32
		{3166419B-5F20-44A5-B450-027AE3874913}.Debug|x64.ActiveCfg = Debug|x64
		{3166419B-5F20-44A5-B450-027AE3874913}.Debug|x64.Build.0 = Debug|x64
		{3166419B-5F20-44A5-B450-027AE3874913}.Debug|x86.ActiveCfg = Debug|Win32
		{3166419B-5F20-44A5-B450-027AE3874913}.Debug|x86.Build.0 = Debug|Win32
		{3166419B-5F20-44A5-B450-027AE3874913}.Release|x64.ActiveCfg = Release|x64
		{3166419B-5F20-44A5-B450-027AE3874913}.Release|x64.Build.0 = Release|x64
		{3166419B-5F20-44A5-B450-027AE3874913}.Release|x86.ActiveCfg = Release|Win32
		{3166419B-5F20-44A5-B450-027AE3874913}.Release|x86.Build.0 = Release|Win32
		{08D34652-E074-4885-8949-BA4CC8E279EE}.Debug|x64.ActiveCfg = Debug|x64
		{08D34652-E074-4885-8949-BA4CC8E279EE}.Debug|x64.Build.0 = Debug|x64
		{08D34652-E074-4885-8949-BA4CC8E279EE}.Debug|x86.ActiveCfg = Debug|Win32
		{08D34652-E074-4885-8949-BA4CC8E279EE}.Debug|x86.Build.0 = Debug|Win32
		{08D34652-E074-4885-8949-BA4CC8E279EE}.Release|x64.ActiveCfg = Release|x64
		{08D34652-E074-4885-8949-BA4CC8E279EE}.Release|x64.Build.0 = Release|x64
		{08D34652-E074-4885-8949-BA4CC8E279EE}.Release|x86.ActiveCfg = Release|Win32
		{08D34652-E074-4885-8949-BA4CC8E279EE}.Release|x86.Build.0 = Release|Win32
		{2826FA48-21CE-4E0A-BB52-60C761305EC1}.Debug|x64.ActiveCfg = Debug|x64
		{2826FA48-21CE-4E0A-BB52-60C761305EC1}.Debug|x64.Build.0 = Debug|x64
		{2826FA48-21CE-4E0A-BB52-60C761305EC1}.Debug|x86.ActiveCfg = Debug|Win32
		{2826FA48-21CE-4E0A-BB52-60C761305EC1}.Debug|x86.Build.0 = Debug|Win32
		{2826FA48-21CE-4E0A-BB52-60C761305EC1}.Release|x64.ActiveCfg = Release|x64
		{2826FA48-21CE-4E0A-BB52-60C761305EC1}.Release|x64.Build.0 = Release|x64
		{2826FA48-21CE-4E0A-BB52-60C761305EC1}.Release|x86.ActiveCfg = Release|Win32
		{2826FA48-21CE-4E0A-BB52-60C761305EC1}.Release|x86.Build.0 = Release|Win32
		{8DD43C7C-994E-49F1-A960-B76E5839DAAA}.Debug|x64.ActiveCfg = Debug|x64
		{8DD43C7C-994E-49F1-A960-B76E5839DAAA}.Debug|x64.Build.0 = Debug|x64
		{8DD43C7C-994E-49F1-A960-B76E5839DAAA}.Debug|x86.ActiveCfg = Debug|Win32
		{8DD43C7C-994E-49F1-A960-B76E5839DAAA}.Debug|x86.Build.0 = Debug|Win32
		{8DD43C7C-994E-49F1-A960-B76E5839DAAA}.Release|x64.ActiveCfg = Release|x64
		{8DD43C7C-994E-49F1-A960-B76E5839DAAA}.Release|x64.Build.0 = Release|x64
		{8DD43C7C-994E-49F1-A960-B76E5839DAAA}.Release|x86.ActiveCfg = Release|Win32
		{8DD43C7C-994E-49F1-A960-B76E5839DAAA}.Release|x86.Build.0 = Release|Win32
		{CFBAAEB9-F4E3-4736-82EB-AB9D1A631A48}.Debug|x64.ActiveCfg = Debug|x64
		{CFBAAEB9-F4E3-4736-82EB-AB9D1A631A48}.Debug|x64.Build.0 = Debug|x64
		{CFBAAEB9-F4E3-4736-82EB-AB9D1A631A48}.Debug|x86.ActiveCfg = Debug|Win32
		{CFBAAEB9-F4E3-4736-82EB-AB9D1A631A48}.Debug|x86.Build.0 = Debug|Win32
		{CFBAAEB9-F4E3-4736-82EB-AB9D1A631A48}.Release|x64.ActiveCfg = Release|x64
		{CFBAAEB9-F4E3-4736-82EB-AB9D1A631A48}.Release|x64.Build.0 = Release|x64
		{CFBAAEB9-F4E3-4736-82EB-AB9D1A631A48}.Release|x86.ActiveCfg = Release|Win32
		{CFBAAEB9-F4E3-4736-82EB-AB9D1A631A48}.Release|x86.Build.0 = Release|Win32
		{6B9EE2AA-1E88-41DB-8604-C3D83F741176}.Debug|x64.ActiveCfg = Debug|x64
		{6B9EE2AA-1E88-41DB-8604-C3D83F741176}.Debug|x64.Build.0 = Debug|x64
		{6B9EE2AA-1E88-41DB-8604-C3D83F741176}.Debug|x86.ActiveCfg = Debug|Win32
		{6B9EE2AA-1E88-41DB-8604-C3D83F741176}.Debug|x86.Build.0 = Debug|Win32
		{6B9EE2AA-1E88-41DB-8604-C3D83F741176}.Release|x64.ActiveCfg = Release|x64
		{6B9EE2AA-1E88-41DB-8604-C3D83F741176}.Release|x64.Build.0 = Release|x64
		{6B9EE2AA-1E88-41DB-8604-C3D83F741176}.Release|x86.ActiveCfg = Release|Win32
		{6B9EE2AA-1E88-41DB-8604-C3D83F741176}.Release|x86.Build.0 = Release|Win32
		{FE67FCE4-3A57-4BB4-B709-01A9045E4B34}.Debug|x64.ActiveCfg = Debug|x64
		{FE67FCE4-3A57-4BB4-B709-01A9045E4B34}.Debug|x64.Build.0 = Debug|x64
		{FE67FCE4-3A57-4BB4-B709-01A9045E4B34}.Debug|x86.ActiveCfg = Debug|Win32
		{FE67FCE4-3A57-4BB4-B709-01A9045E4B34}.Debug|x86.Build.0 = Debug|Win32
		{FE67FCE4-3A57-4BB4-B709-01A9045E4B34}.Release|x64.ActiveCfg = Release|x64
		{FE67FCE4-3A57-4BB4-B709-01A9045E4B34}.Release|x64.Build.0 = Release|x64
		{FE67FCE4-3A57-4BB4-B709-01A9045E4B34}.Release|x86.ActiveCfg = Release|Win32
		{FE67FCE4-3A57-4BB4-B709-01A9045E4B34}.Release|x86.Build.0 = Release|Win32
		{110D3BF6-60B1-45A6-90BE-2E7FD520AA4B}.Debug|x64.ActiveCfg = Debug|x64
		{110D3BF6-60B1-45A6-90BE-2E7FD520AA4B}.Debug|x64.Build.0 = Debug|x64
		{110D3BF6-60B1-45A6-90BE-2E7FD520AA4B}.Debug|x86.ActiveCfg = Debug|Win32
		{110D3BF6-60B1-45A6-90BE-2E7FD520AA4B}.Debug|x86.Build.0 = Debug|Win32
		{110D3BF6-60B1-45A6-90BE-2E7FD520AA4B}.Release|x64.ActiveCfg = Release|x64
		{110D3BF6-60B1-45A6-90BE-2E7FD520AA4B}.Release|x64.Build.0 = Release|x64
		{110D3BF6-60B1-45A6-90BE-2E7FD520AA4B}.Release|x86.ActiveCfg = Release|Win32
		{110D3BF6-60B1-45A6-90BE-2E7FD520AA4B}.Release|x86.Build.0 = Release|Win32
		{0393DE77-135F-4C12-B3B3-69E570ACFDBD}.Debug|x64.ActiveCfg = Debug|x64
		{0393DE77-135F-4C12-B3B3-69E570ACFDBD}.Debug|x64.Build.0 = Debug|x64
		{0393DE77-135F-4C12-B3B3-69E570ACFDBD}.Debug|x86.ActiveCfg = Debug|Win32
		{0393DE77-135F-4C12-B3B3-69E570ACFDBD}.Debug|x86.Build.0 = Debug|Win32
		{0393DE77-135F-4C12-B3B3-69E570ACFDBD}.Release|x64.ActiveCfg = Release|x64
		{0393DE77-135F-4C12-B3B3-69E570ACFDBD}.Release|x64.Build.0 = Release|x64
		{0393DE77-135F-4C12-B3B3-69E570ACFDBD}.Release|x86.ActiveCfg = Release|Win32
		{0393DE77-135F-4C12-B3B3-69E570ACFDBD}.Release|x86.Build.0 = Release|Win32
		{EAD161E7-6F4D-4F93-9CE2-1B858159C3C1}.Debug|x64.ActiveCfg = Debug|x64
		{EAD161E7-6F4D-4F93-9CE2-1B858159C3C1}.Debug|x64.Build.0 = Debug|x64
		{EAD161E7-6F4D-4F93-9CE2-1B858159C3C1}.Debug|x86.ActiveCfg = Debug|Win32
		{EAD161E7-6F4D-4F93-9CE2-1B858159C3C1}.Debug|x86.Build.0 = Debug|Win32
		{EAD161E7-6F4D-4F93-9CE2-1B858159C3C1}.Release|x64.ActiveCfg = Release|x64
		{EAD161E7-6F4D-4F93-9CE2-1B858159C3C1}.Release|x64.Build.0 = Release|x64
		{EAD161E7-6F4D-4F93-9CE2-1B858159C3C1}.Release|x86.ActiveCfg = Release|Win32
		{EAD161E7-6F4D-4F93-9CE2-1B858159C3C1}.Release|x86.Build.0 = Release|Win32
		{375FF567-6B8D-4701-A3B5-A14110CCE942}.Debug|x64.ActiveCfg = Debug|x64
		{375FF567-6B8D-4701-A3B5-A14110CCE942}.Debug|x64.Build.0 = Debug|x64
		{375FF567-6B8D-4701-A3B5-A14110CCE942}.Debug|x86.ActiveCfg = Debug|Win32
		{375FF567-6B8D-4701-A3B5-A14110CCE942}.Debug|x86.Build.0 = Debug|Win32
		{375FF567-6B8D-4701-A3B5-A14110CCE942}.Release|x64.ActiveCfg = Release|x64
		{375FF567-6B8D-4701-A3B5-A14110CCE942}.Release|x64.Build.0 = Release|x64
		{375FF567-6B8D-4701-A3B5-A14110CCE942}.Release|x86.ActiveCfg = Release|Win32
		{375FF567-6B8D-4701-A3B5-A14110CCE942}.Release|x86.Build.0 = Release|Win32
		{84BA8D76-D351-442F-8097-006D22BA8FED}.Debug|x64.ActiveCfg = Debug|x64
		{84BA8D76-D351-442F-8097-006D22BA8FED}.Debug|x64.Build.0 = Debug|x64
		{84BA8D76-D351-442F-8097-006D22BA8FED}.Debug|x86.ActiveCfg = Debug|Win32
		{84BA8D76-D351-442F-8097-006D22BA8FED}.Debug|x86.Build.0 = Debug|Win32
		{84BA8D76-D351-442F-8097-006D22BA8FED}.Release|x64.ActiveCfg = Release|x64
		{84BA8D76-D351-442F-8097-006D22BA8FED}.Release|x64.Build.0 = Release|x64
		{84BA8D76-D351-442F-8097-006D22BA8FED}.Release|x86.ActiveCfg = Release|Win32
		{84BA8D76-D351-442F-8097-006D22BA8FED}.Release|x86.Build.0 = Release|Win32
		{98142755-FF9E-47FF-8E98-B493BA8823BE}.Debug|x64.ActiveCfg = Debug|x64
		{98142755-FF9E-47FF-8E98-B493BA8823BE}.Debug|x64.Build.0 = Debug|x64
		{98142755-FF9E-47FF-8E98-B493BA8823BE}.Debug|x86.ActiveCfg = Debug|Win32
		{98142755-FF9E-47FF-8E98-B493BA8823BE}.Debug|x86.Build.0 = Debug|Win32
		{98142755-FF9E-47FF-8E98-B493BA8823BE}.Release|x64.ActiveCfg = Release|x64
		{98142755-FF9E-47FF-8E98-B493BA8823BE}.Release|x64.Build.0 = Release|x64
		{98142755-FF9E-47FF-8E98-B493BA8823BE}.Release|x86.ActiveCfg = Release|Win32
		{98142755-FF9E-47FF-8E98-B493BA8823BE}.Release|x86.Build.0 = Release|Win32
		{F1828137-1C43-44C3-9E5B-6AD705C8F39E}.Debug|x64.ActiveCfg = Debug|x64
		{F1828137-1C43-44C3-9E5B-6AD705C8F39E}.Debug|x64.Build.0 = Debug|x64
		{F1828137-1C43-44C3-9E5B-6AD705C8F39E}.Debug|x86.ActiveCfg = Debug|Win32
		{F1828137-1C43-44C3-9E5B-6AD705C8F39E}.Debug|x86.Build.0 = Debug|Win32
		{F1828137-1C43-44C3-9E5B-6AD705C8F39E}.Release|x64.ActiveCfg = Release|x64
		{F1828137-1C43-44C3-9E5B-6AD705C8F39E}.Release|x64.Build.0 = Release|x64
		{F1828137-1C43-44C3-9E5B-6AD705C8F39E}.Release|x86.ActiveCfg = Release|Win32
		{F1828137-1C43-44C3-9E5B-6AD705C8F39E}.Release|x86.Build.0 = Release|Win32
		{E67D10A9-DD1D-4280-8480-4254577BA7B6}.Debug|x64.ActiveCfg = Debug|x64
		{E67D10A9-DD1D-4280-8480-4254577BA7B6}.Debug|x64.Build.0 = Debug|x64
		{E67D10A9-DD1D-4280-8480-4254577BA7B6}.Debug|x86.ActiveCfg = Debug|Win32
		{E67D10A9-DD1D-4280-8480-4254577BA7B6}.Debug|x86.Build.0 = Debug|Win32
		{E67D10A9-DD1D-4280-8480-4254577BA7B6}.Release|x64.ActiveCfg = Release|x64
		{E67D10A9-DD1D-4280-8480-4254577BA7B6}.Release|x64.Build.0 = Release|x64
		{E67D10A9-DD1D-4280-8480-4254577BA7B6}.Release|x86.ActiveCfg = Release|Win32
		{E67D10A9-DD1D-4280-8480-4254577BA7B6}.Release|x86.Build.0 = Release|Win32
		{808CAFB7-DF6F-4D42-83E7-CE14206A94D2}.Debug|x64.ActiveCfg = Debug|x64
		{808CAFB7-DF6F-4D42-83E7-CE14206A94D2}.Debug|x64.Build.0 = Debug|x64
		{808CAFB7-DF6F-4D42-83E7-CE14206A94D2}.Debug|x86.ActiveCfg = Debug|Win32
		{808CAFB7-DF6F-4D42-83E7-CE14206A94D2}.Debug|x86.Build.0 = Debug|Win32
		{808CAFB7-DF6F-4D42-83E7-CE14206A94D2}.Release|x64.ActiveCfg = Release|x64
		{808CAFB7-DF6F-4D42-83E7-CE14206A94D2}.Release|x64.Build.0 = Release|x64
		{808CAFB7-DF6F-4D42-83E7-CE14206A94D2}.Release|x86.ActiveCfg = Release|Win32
		{808CAFB7-DF6F-4D42-83E7-CE14206A94D2}.Release|x86.Build.0 = Release|Win32
		{304AFD72-5E90-4E13-8567-108765784DBB}.Debug|x64.ActiveCfg = Debug|x64
		{304AFD72-5E90-4E13-8567-108765784DBB}.Debug|x64.Build.0 = Debug|x64
		{304AFD72-5E90-4E13-8567-108765784DBB}.Debug|x86.ActiveCfg = Debug|Win32
		{304AFD72-5E90-4E13-8567-108765784DBB}.Debug|x86.Build.0 = Debug|Win32
		{304AFD72-5E90-4E13-8567-108765784DBB}.Release|x64.ActiveCfg = Release|x64
		{304AFD72-5E90-4E13-8567-108765784DBB}.Release|x64.Build.0 = Release|x64
		{304AFD72-5E90-4E13-8567-108765784DBB}.Release|x86.ActiveCfg = Release|Win32
		{304AFD72-5E90-4E13-8567-108765784DBB}.Release|x86.Build.0 = Release|Win32
		{D16D9F98-D5B8-4F74-9E7A-0E34C52CF2EF}.Debug|x64.ActiveCfg = Debug|x64
		{D16D9F98-D5B8-4F74-9E7A-0E34C52CF2EF}.Debug|x64.Build.0 = Debug|x64
		{D16D9F98-D5B8-4F74-9E7A-0E34C52CF2EF}.Debug|x86.ActiveCfg = Debug|Win32
		{D16D9F98-D5B8-4F74-9E7A-0E34C52CF2EF}.Debug|x86.Build.0 = Debug|Win32
		{D16D9F98-D5B8-4F74-9E7A-0E34C52CF2EF}.Release|x64.ActiveCfg = Release|x64
		{D16D9F98-D5B8-4F74-9E7A-0E34C52CF2EF}.Release|x64.Build.0 = Release|x64
		{D16D9F98-D5B8-4F74-9E7A-0E34C52CF2EF}.Release|x86.ActiveCfg = Release|Win32
		{D16D9F98-D5B8-4F74-9E7A-0E34C52CF2EF}.Release|x86.Build.0 = Release|Win32
		{DA248CA2-9951-460C-A4A9-CB563A6418F9}.Debug|x64.ActiveCfg = Debug|x64
		{DA248CA2-9951-460C-A4A9-CB563A6418F9}.Debug|x64.Build.0 = Debug|x64
		{DA248CA2-9951-460C-A4A9-CB563A6418F9}.Debug|x86.ActiveCfg = Debug|Win32
		{DA248CA2-9951-460C-A4A9-CB563A6418F9}.Debug|x86.Build.0 = Debug|Win32
		{DA248CA2-9951-460C-A4A9-CB563A6418F9}.Release|x64.ActiveCfg = Release|x64
		{DA248CA2-9951-460C-A4A9-CB563A6418F9}.Release|x64.Build.0 = Release|x64
		{DA248CA2-9951-460C-A4A9-CB563A6418F9}.Release|x86.ActiveCfg = Release|Win32
		{DA248CA2-9951-460C-A4A9-CB563A6418F9}.Release|x86.Build.0 = Release|Win32
		{4C50B50A-A4E7-4541-A89F-5DF7AF1CCF77}.Debug|x64.ActiveCfg = Debug|x64
		{4C50B50A-A4E7-4541-A89F-5DF7AF1CCF77}.Debug|x64.Build.0 = Debug|x64
		{4C50B50A-A4E7-4541-A89F-5DF7AF1CCF77}.Debug|x86.ActiveCfg = Debug|Win32
		{4C50B50A-A4E7-4541-A89F-5DF7AF1CCF77}.Debug|x86.Build.0 = Debug|Win32
		{4C50B50A-A4E7-4541-A89F-5DF7AF1CCF77}.Release|x64.ActiveCfg = Release|x64
		{4C50B50A-A4E7-4541-A89F-5DF7AF1CCF77}.Release|x64.Build.0 = Release|x64
		{4C50B50A-A4E7-4541-A89F-5DF7AF1CCF77}.Release|x86.ActiveCfg = Release|Win32
		{4C50B50A-A4E7-4541-A89F-5DF7AF1CCF77}.Release|x86.Build.0 = Release|Win32
	EndGlobalSection
	GlobalSection(SolutionProperties) = preSolution
		HideSolutionNode = FALSE
	EndGlobalSection
	GlobalSection(ExtensibilityGlobals) = postSolution
		SolutionGuid = {405142D0-5D4C-4611-9826-A90E83DC2A5F}
	EndGlobalSection
EndGlobal
